
Microsoft Visual Studio Solution File, Format Version 12.00
# Visual Studio Version 17
VisualStudioVersion = 17.7.34202.233
MinimumVisualStudioVersion = 10.0.40219.1
Project("{9A19103F-16F7-4668-BE54-9A1E7A4F7556}") = "01.ExtractPersonInformation", "01.ExtractPersonInformation\01.ExtractPersonInformation.csproj", "{55FC5CF4-1ECE-4FC7-82DB-B21CC63BDBF8}"
EndProject
Project("{9A19103F-16F7-4668-BE54-9A1E7A4F7556}") = "02.AsciiSumator", "02.AsciiSumator\02.AsciiSumator.csproj", "{55D10ADB-3AD3-43E8-ABBC-EF2D6E846A91}"
EndProject
Project("{9A19103F-16F7-4668-BE54-9A1E7A4F7556}") = "03.TreasureFinder", "03.TreasureFinder\03.TreasureFinder.csproj", "{6717D6CE-7B45-4C2C-954E-E84D1389B7BC}"
EndProject
Project("{FAE04EC0-301F-11D3-BF4B-00C04F79EFBC}") = "04.MorseCodeTranslator", "04.MorseCodeTranslator\04.MorseCodeTranslator.csproj", "{3824D301-3471-496B-8EC1-943FDB6405D2}"
EndProject
Project("{FAE04EC0-301F-11D3-BF4B-00C04F79EFBC}") = "05.HTML", "05.HTML\05.HTML.csproj", "{95553B7F-7FF9-49F0-A853-866E877170A9}"
EndProject
Global
	GlobalSection(SolutionConfigurationPlatforms) = preSolution
		Debug|Any CPU = Debug|Any CPU
		Release|Any CPU = Release|Any CPU
	EndGlobalSection
	GlobalSection(ProjectConfigurationPlatforms) = postSolution
		{55FC5CF4-1ECE-4FC7-82DB-B21CC63BDBF8}.Debug|Any CPU.ActiveCfg = Debug|Any CPU
		{55FC5CF4-1ECE-4FC7-82DB-B21CC63BDBF8}.Debug|Any CPU.Build.0 = Debug|Any CPU
		{55FC5CF4-1ECE-4FC7-82DB-B21CC63BDBF8}.Release|Any CPU.ActiveCfg = Release|Any CPU
		{55FC5CF4-1ECE-4FC7-82DB-B21CC63BDBF8}.Release|Any CPU.Build.0 = Release|Any CPU
		{55D10ADB-3AD3-43E8-ABBC-EF2D6E846A91}.Debug|Any CPU.ActiveCfg = Debug|Any CPU
		{55D10ADB-3AD3-43E8-ABBC-EF2D6E846A91}.Debug|Any CPU.Build.0 = Debug|Any CPU
		{55D10ADB-3AD3-43E8-ABBC-EF2D6E846A91}.Release|Any CPU.ActiveCfg = Release|Any CPU
		{55D10ADB-3AD3-43E8-ABBC-EF2D6E846A91}.Release|Any CPU.Build.0 = Release|Any CPU
		{6717D6CE-7B45-4C2C-954E-E84D1389B7BC}.Debug|Any CPU.ActiveCfg = Debug|Any CPU
		{6717D6CE-7B45-4C2C-954E-E84D1389B7BC}.Debug|Any CPU.Build.0 = Debug|Any CPU
		{6717D6CE-7B45-4C2C-954E-E84D1389B7BC}.Release|Any CPU.ActiveCfg = Release|Any CPU
		{6717D6CE-7B45-4C2C-954E-E84D1389B7BC}.Release|Any CPU.Build.0 = Release|Any CPU
		{3824D301-3471-496B-8EC1-943FDB6405D2}.Debug|Any CPU.ActiveCfg = Debug|Any CPU
		{3824D301-3471-496B-8EC1-943FDB6405D2}.Debug|Any CPU.Build.0 = Debug|Any CPU
		{3824D301-3471-496B-8EC1-943FDB6405D2}.Release|Any CPU.ActiveCfg = Release|Any CPU
		{3824D301-3471-496B-8EC1-943FDB6405D2}.Release|Any CPU.Build.0 = Release|Any CPU
		{95553B7F-7FF9-49F0-A853-866E877170A9}.Debug|Any CPU.ActiveCfg = Debug|Any CPU
		{95553B7F-7FF9-49F0-A853-866E877170A9}.Debug|Any CPU.Build.0 = Debug|Any CPU
		{95553B7F-7FF9-49F0-A853-866E877170A9}.Release|Any CPU.ActiveCfg = Release|Any CPU
		{95553B7F-7FF9-49F0-A853-866E877170A9}.Release|Any CPU.Build.0 = Release|Any CPU
	EndGlobalSection
	GlobalSection(SolutionProperties) = preSolution
		HideSolutionNode = FALSE
	EndGlobalSection
	GlobalSection(ExtensibilityGlobals) = postSolution
		SolutionGuid = {DC187D93-C7FF-4EA1-B372-3CF1C49F9101}
	EndGlobalSection
EndGlobal
