
Microsoft Visual Studio Solution File, Format Version 12.00
# Visual Studio Version 17
VisualStudioVersion = 17.7.34202.233
MinimumVisualStudioVersion = 10.0.40219.1
Project("{9A19103F-16F7-4668-BE54-9A1E7A4F7556}") = "02.Judge", "02.Judge\02.Judge.csproj", "{D04A090B-A83D-4B41-BD1D-17BDED1EDC01}"
EndProject
Project("{9A19103F-16F7-4668-BE54-9A1E7A4F7556}") = "01.Ranking", "01.Ranking\01.Ranking.csproj", "{70683D3A-3A23-468E-BD61-77983611752B}"
EndProject
Project("{FAE04EC0-301F-11D3-BF4B-00C04F79EFBC}") = "04.Snowwhite", "04.Snowwhite\04.Snowwhite.csproj", "{4DACF6D0-9A10-48BB-A631-140B82A422F0}"
EndProject
Global
	GlobalSection(SolutionConfigurationPlatforms) = preSolution
		Debug|Any CPU = Debug|Any CPU
		Release|Any CPU = Release|Any CPU
	EndGlobalSection
	GlobalSection(ProjectConfigurationPlatforms) = postSolution
		{D04A090B-A83D-4B41-BD1D-17BDED1EDC01}.Debug|Any CPU.ActiveCfg = Debug|Any CPU
		{D04A090B-A83D-4B41-BD1D-17BDED1EDC01}.Debug|Any CPU.Build.0 = Debug|Any CPU
		{D04A090B-A83D-4B41-BD1D-17BDED1EDC01}.Release|Any CPU.ActiveCfg = Release|Any CPU
		{D04A090B-A83D-4B41-BD1D-17BDED1EDC01}.Release|Any CPU.Build.0 = Release|Any CPU
		{70683D3A-3A23-468E-BD61-77983611752B}.Debug|Any CPU.ActiveCfg = Debug|Any CPU
		{70683D3A-3A23-468E-BD61-77983611752B}.Debug|Any CPU.Build.0 = Debug|Any CPU
		{70683D3A-3A23-468E-BD61-77983611752B}.Release|Any CPU.ActiveCfg = Release|Any CPU
		{70683D3A-3A23-468E-BD61-77983611752B}.Release|Any CPU.Build.0 = Release|Any CPU
		{4DACF6D0-9A10-48BB-A631-140B82A422F0}.Debug|Any CPU.ActiveCfg = Debug|Any CPU
		{4DACF6D0-9A10-48BB-A631-140B82A422F0}.Debug|Any CPU.Build.0 = Debug|Any CPU
		{4DACF6D0-9A10-48BB-A631-140B82A422F0}.Release|Any CPU.ActiveCfg = Release|Any CPU
		{4DACF6D0-9A10-48BB-A631-140B82A422F0}.Release|Any CPU.Build.0 = Release|Any CPU
	EndGlobalSection
	GlobalSection(SolutionProperties) = preSolution
		HideSolutionNode = FALSE
	EndGlobalSection
	GlobalSection(ExtensibilityGlobals) = postSolution
		SolutionGuid = {3A6377FC-F490-43D3-B55B-A8E7E93FF33D}
	EndGlobalSection
EndGlobal
