
Microsoft Visual Studio Solution File, Format Version 12.00
# Visual Studio Version 17
VisualStudioVersion = 17.7.34031.279
MinimumVisualStudioVersion = 10.0.40219.1
Project("{9A19103F-16F7-4668-BE54-9A1E7A4F7556}") = "01.SignОfIntegerNumbers", "01.SignОfIntegerNumbers\01.SignОfIntegerNumbers.csproj", "{05196048-A7D6-4EA4-98CD-91EF01816941}"
EndProject
Project("{9A19103F-16F7-4668-BE54-9A1E7A4F7556}") = "02.Grades", "02.Grades\02.Grades.csproj", "{907392AA-98AB-44CB-BC04-40ADAC25D497}"
EndProject
Project("{9A19103F-16F7-4668-BE54-9A1E7A4F7556}") = "03.Calculations", "03.Calculations\03.Calculations.csproj", "{6FCF400F-E246-480D-9E4E-C9858277AF79}"
EndProject
Project("{9A19103F-16F7-4668-BE54-9A1E7A4F7556}") = "04.PrintingTriangle", "04.PrintingTriangle\04.PrintingTriangle.csproj", "{1F8FEB8D-2378-4C57-941B-ABFDFCB77EA9}"
EndProject
Project("{9A19103F-16F7-4668-BE54-9A1E7A4F7556}") = "05.Orders", "05.Orders\05.Orders.csproj", "{20BD776A-ECC0-4F4B-9A33-45D1C768F648}"
EndProject
Project("{FAE04EC0-301F-11D3-BF4B-00C04F79EFBC}") = "06.CalculateRectangleArea", "06.CalculateRectangleArea\06.CalculateRectangleArea.csproj", "{51420D55-6AF0-496E-A2E8-75EBFF17EDE3}"
EndProject
Project("{FAE04EC0-301F-11D3-BF4B-00C04F79EFBC}") = "07.RepeatString", "07.RepeatString\07.RepeatString.csproj", "{4AC34CCA-ECB5-43C3-B9AE-ADDF871F443C}"
EndProject
Project("{FAE04EC0-301F-11D3-BF4B-00C04F79EFBC}") = "08.MathPower", "08.MathPower\08.MathPower.csproj", "{B93CC2FD-730A-40F0-8F09-A269BB7E8E55}"
EndProject
Project("{FAE04EC0-301F-11D3-BF4B-00C04F79EFBC}") = "09.GreaterOfTwoValues", "09.GreaterOfTwoValues\09.GreaterOfTwoValues.csproj", "{4F927B32-EE91-4B99-A5AE-1D8DF0A34FBA}"
EndProject
Project("{FAE04EC0-301F-11D3-BF4B-00C04F79EFBC}") = "10.MultiplyEvensByOdds", "10.MultiplyEvensByOdds\10.MultiplyEvensByOdds.csproj", "{058A3DA2-E12F-47E9-9A6D-48CF0A471273}"
EndProject
Global
	GlobalSection(SolutionConfigurationPlatforms) = preSolution
		Debug|Any CPU = Debug|Any CPU
		Release|Any CPU = Release|Any CPU
	EndGlobalSection
	GlobalSection(ProjectConfigurationPlatforms) = postSolution
		{05196048-A7D6-4EA4-98CD-91EF01816941}.Debug|Any CPU.ActiveCfg = Debug|Any CPU
		{05196048-A7D6-4EA4-98CD-91EF01816941}.Debug|Any CPU.Build.0 = Debug|Any CPU
		{05196048-A7D6-4EA4-98CD-91EF01816941}.Release|Any CPU.ActiveCfg = Release|Any CPU
		{05196048-A7D6-4EA4-98CD-91EF01816941}.Release|Any CPU.Build.0 = Release|Any CPU
		{907392AA-98AB-44CB-BC04-40ADAC25D497}.Debug|Any CPU.ActiveCfg = Debug|Any CPU
		{907392AA-98AB-44CB-BC04-40ADAC25D497}.Debug|Any CPU.Build.0 = Debug|Any CPU
		{907392AA-98AB-44CB-BC04-40ADAC25D497}.Release|Any CPU.ActiveCfg = Release|Any CPU
		{907392AA-98AB-44CB-BC04-40ADAC25D497}.Release|Any CPU.Build.0 = Release|Any CPU
		{6FCF400F-E246-480D-9E4E-C9858277AF79}.Debug|Any CPU.ActiveCfg = Debug|Any CPU
		{6FCF400F-E246-480D-9E4E-C9858277AF79}.Debug|Any CPU.Build.0 = Debug|Any CPU
		{6FCF400F-E246-480D-9E4E-C9858277AF79}.Release|Any CPU.ActiveCfg = Release|Any CPU
		{6FCF400F-E246-480D-9E4E-C9858277AF79}.Release|Any CPU.Build.0 = Release|Any CPU
		{1F8FEB8D-2378-4C57-941B-ABFDFCB77EA9}.Debug|Any CPU.ActiveCfg = Debug|Any CPU
		{1F8FEB8D-2378-4C57-941B-ABFDFCB77EA9}.Debug|Any CPU.Build.0 = Debug|Any CPU
		{1F8FEB8D-2378-4C57-941B-ABFDFCB77EA9}.Release|Any CPU.ActiveCfg = Release|Any CPU
		{1F8FEB8D-2378-4C57-941B-ABFDFCB77EA9}.Release|Any CPU.Build.0 = Release|Any CPU
		{20BD776A-ECC0-4F4B-9A33-45D1C768F648}.Debug|Any CPU.ActiveCfg = Debug|Any CPU
		{20BD776A-ECC0-4F4B-9A33-45D1C768F648}.Debug|Any CPU.Build.0 = Debug|Any CPU
		{20BD776A-ECC0-4F4B-9A33-45D1C768F648}.Release|Any CPU.ActiveCfg = Release|Any CPU
		{20BD776A-ECC0-4F4B-9A33-45D1C768F648}.Release|Any CPU.Build.0 = Release|Any CPU
		{51420D55-6AF0-496E-A2E8-75EBFF17EDE3}.Debug|Any CPU.ActiveCfg = Debug|Any CPU
		{51420D55-6AF0-496E-A2E8-75EBFF17EDE3}.Debug|Any CPU.Build.0 = Debug|Any CPU
		{51420D55-6AF0-496E-A2E8-75EBFF17EDE3}.Release|Any CPU.ActiveCfg = Release|Any CPU
		{51420D55-6AF0-496E-A2E8-75EBFF17EDE3}.Release|Any CPU.Build.0 = Release|Any CPU
		{4AC34CCA-ECB5-43C3-B9AE-ADDF871F443C}.Debug|Any CPU.ActiveCfg = Debug|Any CPU
		{4AC34CCA-ECB5-43C3-B9AE-ADDF871F443C}.Debug|Any CPU.Build.0 = Debug|Any CPU
		{4AC34CCA-ECB5-43C3-B9AE-ADDF871F443C}.Release|Any CPU.ActiveCfg = Release|Any CPU
		{4AC34CCA-ECB5-43C3-B9AE-ADDF871F443C}.Release|Any CPU.Build.0 = Release|Any CPU
		{B93CC2FD-730A-40F0-8F09-A269BB7E8E55}.Debug|Any CPU.ActiveCfg = Debug|Any CPU
		{B93CC2FD-730A-40F0-8F09-A269BB7E8E55}.Debug|Any CPU.Build.0 = Debug|Any CPU
		{B93CC2FD-730A-40F0-8F09-A269BB7E8E55}.Release|Any CPU.ActiveCfg = Release|Any CPU
		{B93CC2FD-730A-40F0-8F09-A269BB7E8E55}.Release|Any CPU.Build.0 = Release|Any CPU
		{4F927B32-EE91-4B99-A5AE-1D8DF0A34FBA}.Debug|Any CPU.ActiveCfg = Debug|Any CPU
		{4F927B32-EE91-4B99-A5AE-1D8DF0A34FBA}.Debug|Any CPU.Build.0 = Debug|Any CPU
		{4F927B32-EE91-4B99-A5AE-1D8DF0A34FBA}.Release|Any CPU.ActiveCfg = Release|Any CPU
		{4F927B32-EE91-4B99-A5AE-1D8DF0A34FBA}.Release|Any CPU.Build.0 = Release|Any CPU
		{058A3DA2-E12F-47E9-9A6D-48CF0A471273}.Debug|Any CPU.ActiveCfg = Debug|Any CPU
		{058A3DA2-E12F-47E9-9A6D-48CF0A471273}.Debug|Any CPU.Build.0 = Debug|Any CPU
		{058A3DA2-E12F-47E9-9A6D-48CF0A471273}.Release|Any CPU.ActiveCfg = Release|Any CPU
		{058A3DA2-E12F-47E9-9A6D-48CF0A471273}.Release|Any CPU.Build.0 = Release|Any CPU
	EndGlobalSection
	GlobalSection(SolutionProperties) = preSolution
		HideSolutionNode = FALSE
	EndGlobalSection
	GlobalSection(ExtensibilityGlobals) = postSolution
		SolutionGuid = {72E598E7-F9DC-43B6-B526-72881EC921A5}
	EndGlobalSection
EndGlobal
