
Microsoft Visual Studio Solution File, Format Version 12.00
# Visual Studio Version 17
VisualStudioVersion = 17.7.34202.233
MinimumVisualStudioVersion = 10.0.40219.1
Project("{FAE04EC0-301F-11D3-BF4B-00C04F79EFBC}") = "01.ReverseStrings", "01.ReverseStrings\01.ReverseStrings.csproj", "{2CC8406B-3A35-44E0-A5E1-37CE086CAE19}"
EndProject
Project("{FAE04EC0-301F-11D3-BF4B-00C04F79EFBC}") = "02.RepeatStrings", "02.RepeatStrings\02.RepeatStrings.csproj", "{566EEB8D-45C4-4CB4-B639-ED9518D089D6}"
EndProject
Project("{FAE04EC0-301F-11D3-BF4B-00C04F79EFBC}") = "03.Substring", "03.Substring\03.Substring.csproj", "{A67290AC-FBEA-455B-B606-1B51CFE1F800}"
EndProject
Project("{FAE04EC0-301F-11D3-BF4B-00C04F79EFBC}") = "04.TextFilter", "04.TextFilter\04.TextFilter.csproj", "{3F47BCD6-86B6-48C6-B42C-C5DEFCD1445D}"
EndProject
Project("{FAE04EC0-301F-11D3-BF4B-00C04F79EFBC}") = "05.Digits,LettersAndOther", "05.Digits,LettersAndOther\05.Digits,LettersAndOther.csproj", "{45CE31A3-BB78-4D67-8551-BDEAF7518185}"
EndProject
Global
	GlobalSection(SolutionConfigurationPlatforms) = preSolution
		Debug|Any CPU = Debug|Any CPU
		Release|Any CPU = Release|Any CPU
	EndGlobalSection
	GlobalSection(ProjectConfigurationPlatforms) = postSolution
		{2CC8406B-3A35-44E0-A5E1-37CE086CAE19}.Debug|Any CPU.ActiveCfg = Debug|Any CPU
		{2CC8406B-3A35-44E0-A5E1-37CE086CAE19}.Debug|Any CPU.Build.0 = Debug|Any CPU
		{2CC8406B-3A35-44E0-A5E1-37CE086CAE19}.Release|Any CPU.ActiveCfg = Release|Any CPU
		{2CC8406B-3A35-44E0-A5E1-37CE086CAE19}.Release|Any CPU.Build.0 = Release|Any CPU
		{566EEB8D-45C4-4CB4-B639-ED9518D089D6}.Debug|Any CPU.ActiveCfg = Debug|Any CPU
		{566EEB8D-45C4-4CB4-B639-ED9518D089D6}.Debug|Any CPU.Build.0 = Debug|Any CPU
		{566EEB8D-45C4-4CB4-B639-ED9518D089D6}.Release|Any CPU.ActiveCfg = Release|Any CPU
		{566EEB8D-45C4-4CB4-B639-ED9518D089D6}.Release|Any CPU.Build.0 = Release|Any CPU
		{A67290AC-FBEA-455B-B606-1B51CFE1F800}.Debug|Any CPU.ActiveCfg = Debug|Any CPU
		{A67290AC-FBEA-455B-B606-1B51CFE1F800}.Debug|Any CPU.Build.0 = Debug|Any CPU
		{A67290AC-FBEA-455B-B606-1B51CFE1F800}.Release|Any CPU.ActiveCfg = Release|Any CPU
		{A67290AC-FBEA-455B-B606-1B51CFE1F800}.Release|Any CPU.Build.0 = Release|Any CPU
		{3F47BCD6-86B6-48C6-B42C-C5DEFCD1445D}.Debug|Any CPU.ActiveCfg = Debug|Any CPU
		{3F47BCD6-86B6-48C6-B42C-C5DEFCD1445D}.Debug|Any CPU.Build.0 = Debug|Any CPU
		{3F47BCD6-86B6-48C6-B42C-C5DEFCD1445D}.Release|Any CPU.ActiveCfg = Release|Any CPU
		{3F47BCD6-86B6-48C6-B42C-C5DEFCD1445D}.Release|Any CPU.Build.0 = Release|Any CPU
		{45CE31A3-BB78-4D67-8551-BDEAF7518185}.Debug|Any CPU.ActiveCfg = Debug|Any CPU
		{45CE31A3-BB78-4D67-8551-BDEAF7518185}.Debug|Any CPU.Build.0 = Debug|Any CPU
		{45CE31A3-BB78-4D67-8551-BDEAF7518185}.Release|Any CPU.ActiveCfg = Release|Any CPU
		{45CE31A3-BB78-4D67-8551-BDEAF7518185}.Release|Any CPU.Build.0 = Release|Any CPU
	EndGlobalSection
	GlobalSection(SolutionProperties) = preSolution
		HideSolutionNode = FALSE
	EndGlobalSection
	GlobalSection(ExtensibilityGlobals) = postSolution
		SolutionGuid = {FB01A898-44C3-4C58-B00E-B0107CFF4F16}
	EndGlobalSection
EndGlobal
