
Microsoft Visual Studio Solution File, Format Version 12.00
# Visual Studio Version 17
VisualStudioVersion = 17.7.34202.233
MinimumVisualStudioVersion = 10.0.40219.1
Project("{9A19103F-16F7-4668-BE54-9A1E7A4F7556}") = "01.SecretChat", "01.SecretChat\01.SecretChat.csproj", "{B3571C80-E520-4E0C-9E13-53196968F0F2}"
EndProject
Project("{9A19103F-16F7-4668-BE54-9A1E7A4F7556}") = "02.FancyBarcodes", "02.FancyBarcodes\02.FancyBarcodes.csproj", "{2F5DCCE1-1180-4B02-8CB8-F694C34BE8E0}"
EndProject
Project("{9A19103F-16F7-4668-BE54-9A1E7A4F7556}") = "02.01.FancyBarcodes", "02.01.FancyBarcodes\02.01.FancyBarcodes.csproj", "{6FF443C0-E5B8-4F36-A489-5365B3182FD8}"
EndProject
Project("{9A19103F-16F7-4668-BE54-9A1E7A4F7556}") = "03.Pirates", "03.Pirates\03.Pirates.csproj", "{4D9E5C11-313E-44B1-8E61-798406DE69C0}"
EndProject
Project("{9A19103F-16F7-4668-BE54-9A1E7A4F7556}") = "01.ActivationKeys-Exercises", "01.ActivationKeys-Exercises\01.ActivationKeys-Exercises.csproj", "{6F11E562-731D-472B-A5A5-9734F4B12648}"
EndProject
Project("{9A19103F-16F7-4668-BE54-9A1E7A4F7556}") = "02.EmojiDetector-Exercises", "02.EmojiDetector-Exercises\02.EmojiDetector-Exercises.csproj", "{0B8CEDCA-F9D7-4423-A0E5-9D3359F20B2C}"
EndProject
Project("{9A19103F-16F7-4668-BE54-9A1E7A4F7556}") = "03.HeroesOfCodeAndLogicVII-Exercises", "03.HeroesOfCodeAndLogicVII-Exercises\03.HeroesOfCodeAndLogicVII-Exercises.csproj", "{7E8420BC-0C5C-4A8C-B547-0479FD020740}"
EndProject
Project("{9A19103F-16F7-4668-BE54-9A1E7A4F7556}") = "01.PasswordReset", "01.PasswordReset\01.PasswordReset.csproj", "{D59F6443-F685-4BB0-AF1E-A95D47BCF114}"
EndProject
Project("{9A19103F-16F7-4668-BE54-9A1E7A4F7556}") = "01.TheImitationGame", "01.TheImitationGame\01.TheImitationGame.csproj", "{37CB99B4-4796-4E38-ABCE-503E222C6A80}"
EndProject
Project("{9A19103F-16F7-4668-BE54-9A1E7A4F7556}") = "03.NeedForSpeedIII", "03.NeedForSpeedIII\03.NeedForSpeedIII.csproj", "{87F4DA3E-E717-4613-9C2A-30D6E771C00D}"
EndProject
Project("{9A19103F-16F7-4668-BE54-9A1E7A4F7556}") = "03.PlantDiscovery", "03.PlantDiscovery\03.PlantDiscovery.csproj", "{CC2343E1-F183-4516-B70F-5E0D827BB399}"
EndProject
Project("{9A19103F-16F7-4668-BE54-9A1E7A4F7556}") = "02.AdAstra", "02.AdAstra\02.AdAstra.csproj", "{167577F6-CC3A-4861-B5B3-38848EBDC2D5}"
EndProject
Project("{9A19103F-16F7-4668-BE54-9A1E7A4F7556}") = "02.MirrorWords", "02.MirrorWords\02.MirrorWords.csproj", "{E9A557E4-A329-4B77-AD0B-AC2F6ED8F747}"
EndProject
Project("{9A19103F-16F7-4668-BE54-9A1E7A4F7556}") = "03.ThePianist", "03.ThePianist\03.ThePianist.csproj", "{4D3F961D-EC4A-45F5-BCB2-4BB99546F01A}"
EndProject
Project("{9A19103F-16F7-4668-BE54-9A1E7A4F7556}") = "02.DestinationMapper", "02.DestinationMapper\02.DestinationMapper.csproj", "{A869D780-F84E-4D59-AFA0-553A45B85417}"
EndProject
Project("{9A19103F-16F7-4668-BE54-9A1E7A4F7556}") = "02.Santa'sSecretHelper", "02.Santa'sSecretHelper\02.Santa'sSecretHelper.csproj", "{0CE14902-6C27-418C-BD91-FAB6AD86948C}"
EndProject
Project("{9A19103F-16F7-4668-BE54-9A1E7A4F7556}") = "03.Santa'sNewList", "03.Santa'sNewList\03.Santa'sNewList.csproj", "{629DA78A-CFAD-4513-8D76-45F7824D6845}"
EndProject
Project("{9A19103F-16F7-4668-BE54-9A1E7A4F7556}") = "03.SoftUni Karaoke", "03.SoftUni Karaoke\03.SoftUni Karaoke.csproj", "{2B53C6A3-E0BD-42A0-840E-1FA93E510185}"
EndProject
Project("{9A19103F-16F7-4668-BE54-9A1E7A4F7556}") = "01.WorldTour", "01.WorldTour\01.WorldTour.csproj", "{601AE55A-FA5A-44BC-B8BD-C0D1EC5A79F9}"
EndProject
Project("{FAE04EC0-301F-11D3-BF4B-00C04F79EFBC}") = "Exam-01.StringGame", "Exam-01.StringGame\Exam-01.StringGame.csproj", "{CBE82662-3A1F-4525-A9BA-92CFECBB69E8}"
EndProject
Project("{FAE04EC0-301F-11D3-BF4B-00C04F79EFBC}") = "Exam-02.EncryptingPassword", "Exam-02.EncryptingPassword\Exam-02.EncryptingPassword.csproj", "{136CCA23-F5FB-49E5-88BB-4F68B6FFE163}"
EndProject
Project("{FAE04EC0-301F-11D3-BF4B-00C04F79EFBC}") = "Exam-03.HeroRecruitment", "Exam-03.HeroRecruitment\Exam-03.HeroRecruitment.csproj", "{977FC6BA-3F3C-4C2F-BEFC-E2DDB07D6CDB}"
EndProject
Global
	GlobalSection(SolutionConfigurationPlatforms) = preSolution
		Debug|Any CPU = Debug|Any CPU
		Release|Any CPU = Release|Any CPU
	EndGlobalSection
	GlobalSection(ProjectConfigurationPlatforms) = postSolution
		{B3571C80-E520-4E0C-9E13-53196968F0F2}.Debug|Any CPU.ActiveCfg = Debug|Any CPU
		{B3571C80-E520-4E0C-9E13-53196968F0F2}.Debug|Any CPU.Build.0 = Debug|Any CPU
		{B3571C80-E520-4E0C-9E13-53196968F0F2}.Release|Any CPU.ActiveCfg = Release|Any CPU
		{B3571C80-E520-4E0C-9E13-53196968F0F2}.Release|Any CPU.Build.0 = Release|Any CPU
		{2F5DCCE1-1180-4B02-8CB8-F694C34BE8E0}.Debug|Any CPU.ActiveCfg = Debug|Any CPU
		{2F5DCCE1-1180-4B02-8CB8-F694C34BE8E0}.Debug|Any CPU.Build.0 = Debug|Any CPU
		{2F5DCCE1-1180-4B02-8CB8-F694C34BE8E0}.Release|Any CPU.ActiveCfg = Release|Any CPU
		{2F5DCCE1-1180-4B02-8CB8-F694C34BE8E0}.Release|Any CPU.Build.0 = Release|Any CPU
		{6FF443C0-E5B8-4F36-A489-5365B3182FD8}.Debug|Any CPU.ActiveCfg = Debug|Any CPU
		{6FF443C0-E5B8-4F36-A489-5365B3182FD8}.Debug|Any CPU.Build.0 = Debug|Any CPU
		{6FF443C0-E5B8-4F36-A489-5365B3182FD8}.Release|Any CPU.ActiveCfg = Release|Any CPU
		{6FF443C0-E5B8-4F36-A489-5365B3182FD8}.Release|Any CPU.Build.0 = Release|Any CPU
		{4D9E5C11-313E-44B1-8E61-798406DE69C0}.Debug|Any CPU.ActiveCfg = Debug|Any CPU
		{4D9E5C11-313E-44B1-8E61-798406DE69C0}.Debug|Any CPU.Build.0 = Debug|Any CPU
		{4D9E5C11-313E-44B1-8E61-798406DE69C0}.Release|Any CPU.ActiveCfg = Release|Any CPU
		{4D9E5C11-313E-44B1-8E61-798406DE69C0}.Release|Any CPU.Build.0 = Release|Any CPU
		{6F11E562-731D-472B-A5A5-9734F4B12648}.Debug|Any CPU.ActiveCfg = Debug|Any CPU
		{6F11E562-731D-472B-A5A5-9734F4B12648}.Debug|Any CPU.Build.0 = Debug|Any CPU
		{6F11E562-731D-472B-A5A5-9734F4B12648}.Release|Any CPU.ActiveCfg = Release|Any CPU
		{6F11E562-731D-472B-A5A5-9734F4B12648}.Release|Any CPU.Build.0 = Release|Any CPU
		{0B8CEDCA-F9D7-4423-A0E5-9D3359F20B2C}.Debug|Any CPU.ActiveCfg = Debug|Any CPU
		{0B8CEDCA-F9D7-4423-A0E5-9D3359F20B2C}.Debug|Any CPU.Build.0 = Debug|Any CPU
		{0B8CEDCA-F9D7-4423-A0E5-9D3359F20B2C}.Release|Any CPU.ActiveCfg = Release|Any CPU
		{0B8CEDCA-F9D7-4423-A0E5-9D3359F20B2C}.Release|Any CPU.Build.0 = Release|Any CPU
		{7E8420BC-0C5C-4A8C-B547-0479FD020740}.Debug|Any CPU.ActiveCfg = Debug|Any CPU
		{7E8420BC-0C5C-4A8C-B547-0479FD020740}.Debug|Any CPU.Build.0 = Debug|Any CPU
		{7E8420BC-0C5C-4A8C-B547-0479FD020740}.Release|Any CPU.ActiveCfg = Release|Any CPU
		{7E8420BC-0C5C-4A8C-B547-0479FD020740}.Release|Any CPU.Build.0 = Release|Any CPU
		{D59F6443-F685-4BB0-AF1E-A95D47BCF114}.Debug|Any CPU.ActiveCfg = Debug|Any CPU
		{D59F6443-F685-4BB0-AF1E-A95D47BCF114}.Debug|Any CPU.Build.0 = Debug|Any CPU
		{D59F6443-F685-4BB0-AF1E-A95D47BCF114}.Release|Any CPU.ActiveCfg = Release|Any CPU
		{D59F6443-F685-4BB0-AF1E-A95D47BCF114}.Release|Any CPU.Build.0 = Release|Any CPU
		{37CB99B4-4796-4E38-ABCE-503E222C6A80}.Debug|Any CPU.ActiveCfg = Debug|Any CPU
		{37CB99B4-4796-4E38-ABCE-503E222C6A80}.Debug|Any CPU.Build.0 = Debug|Any CPU
		{37CB99B4-4796-4E38-ABCE-503E222C6A80}.Release|Any CPU.ActiveCfg = Release|Any CPU
		{37CB99B4-4796-4E38-ABCE-503E222C6A80}.Release|Any CPU.Build.0 = Release|Any CPU
		{87F4DA3E-E717-4613-9C2A-30D6E771C00D}.Debug|Any CPU.ActiveCfg = Debug|Any CPU
		{87F4DA3E-E717-4613-9C2A-30D6E771C00D}.Debug|Any CPU.Build.0 = Debug|Any CPU
		{87F4DA3E-E717-4613-9C2A-30D6E771C00D}.Release|Any CPU.ActiveCfg = Release|Any CPU
		{87F4DA3E-E717-4613-9C2A-30D6E771C00D}.Release|Any CPU.Build.0 = Release|Any CPU
		{CC2343E1-F183-4516-B70F-5E0D827BB399}.Debug|Any CPU.ActiveCfg = Debug|Any CPU
		{CC2343E1-F183-4516-B70F-5E0D827BB399}.Debug|Any CPU.Build.0 = Debug|Any CPU
		{CC2343E1-F183-4516-B70F-5E0D827BB399}.Release|Any CPU.ActiveCfg = Release|Any CPU
		{CC2343E1-F183-4516-B70F-5E0D827BB399}.Release|Any CPU.Build.0 = Release|Any CPU
		{167577F6-CC3A-4861-B5B3-38848EBDC2D5}.Debug|Any CPU.ActiveCfg = Debug|Any CPU
		{167577F6-CC3A-4861-B5B3-38848EBDC2D5}.Debug|Any CPU.Build.0 = Debug|Any CPU
		{167577F6-CC3A-4861-B5B3-38848EBDC2D5}.Release|Any CPU.ActiveCfg = Release|Any CPU
		{167577F6-CC3A-4861-B5B3-38848EBDC2D5}.Release|Any CPU.Build.0 = Release|Any CPU
		{E9A557E4-A329-4B77-AD0B-AC2F6ED8F747}.Debug|Any CPU.ActiveCfg = Debug|Any CPU
		{E9A557E4-A329-4B77-AD0B-AC2F6ED8F747}.Debug|Any CPU.Build.0 = Debug|Any CPU
		{E9A557E4-A329-4B77-AD0B-AC2F6ED8F747}.Release|Any CPU.ActiveCfg = Release|Any CPU
		{E9A557E4-A329-4B77-AD0B-AC2F6ED8F747}.Release|Any CPU.Build.0 = Release|Any CPU
		{4D3F961D-EC4A-45F5-BCB2-4BB99546F01A}.Debug|Any CPU.ActiveCfg = Debug|Any CPU
		{4D3F961D-EC4A-45F5-BCB2-4BB99546F01A}.Debug|Any CPU.Build.0 = Debug|Any CPU
		{4D3F961D-EC4A-45F5-BCB2-4BB99546F01A}.Release|Any CPU.ActiveCfg = Release|Any CPU
		{4D3F961D-EC4A-45F5-BCB2-4BB99546F01A}.Release|Any CPU.Build.0 = Release|Any CPU
		{A869D780-F84E-4D59-AFA0-553A45B85417}.Debug|Any CPU.ActiveCfg = Debug|Any CPU
		{A869D780-F84E-4D59-AFA0-553A45B85417}.Debug|Any CPU.Build.0 = Debug|Any CPU
		{A869D780-F84E-4D59-AFA0-553A45B85417}.Release|Any CPU.ActiveCfg = Release|Any CPU
		{A869D780-F84E-4D59-AFA0-553A45B85417}.Release|Any CPU.Build.0 = Release|Any CPU
		{0CE14902-6C27-418C-BD91-FAB6AD86948C}.Debug|Any CPU.ActiveCfg = Debug|Any CPU
		{0CE14902-6C27-418C-BD91-FAB6AD86948C}.Debug|Any CPU.Build.0 = Debug|Any CPU
		{0CE14902-6C27-418C-BD91-FAB6AD86948C}.Release|Any CPU.ActiveCfg = Release|Any CPU
		{0CE14902-6C27-418C-BD91-FAB6AD86948C}.Release|Any CPU.Build.0 = Release|Any CPU
		{629DA78A-CFAD-4513-8D76-45F7824D6845}.Debug|Any CPU.ActiveCfg = Debug|Any CPU
		{629DA78A-CFAD-4513-8D76-45F7824D6845}.Debug|Any CPU.Build.0 = Debug|Any CPU
		{629DA78A-CFAD-4513-8D76-45F7824D6845}.Release|Any CPU.ActiveCfg = Release|Any CPU
		{629DA78A-CFAD-4513-8D76-45F7824D6845}.Release|Any CPU.Build.0 = Release|Any CPU
		{2B53C6A3-E0BD-42A0-840E-1FA93E510185}.Debug|Any CPU.ActiveCfg = Debug|Any CPU
		{2B53C6A3-E0BD-42A0-840E-1FA93E510185}.Debug|Any CPU.Build.0 = Debug|Any CPU
		{2B53C6A3-E0BD-42A0-840E-1FA93E510185}.Release|Any CPU.ActiveCfg = Release|Any CPU
		{2B53C6A3-E0BD-42A0-840E-1FA93E510185}.Release|Any CPU.Build.0 = Release|Any CPU
		{601AE55A-FA5A-44BC-B8BD-C0D1EC5A79F9}.Debug|Any CPU.ActiveCfg = Debug|Any CPU
		{601AE55A-FA5A-44BC-B8BD-C0D1EC5A79F9}.Debug|Any CPU.Build.0 = Debug|Any CPU
		{601AE55A-FA5A-44BC-B8BD-C0D1EC5A79F9}.Release|Any CPU.ActiveCfg = Release|Any CPU
		{601AE55A-FA5A-44BC-B8BD-C0D1EC5A79F9}.Release|Any CPU.Build.0 = Release|Any CPU
		{CBE82662-3A1F-4525-A9BA-92CFECBB69E8}.Debug|Any CPU.ActiveCfg = Debug|Any CPU
		{CBE82662-3A1F-4525-A9BA-92CFECBB69E8}.Debug|Any CPU.Build.0 = Debug|Any CPU
		{CBE82662-3A1F-4525-A9BA-92CFECBB69E8}.Release|Any CPU.ActiveCfg = Release|Any CPU
		{CBE82662-3A1F-4525-A9BA-92CFECBB69E8}.Release|Any CPU.Build.0 = Release|Any CPU
		{136CCA23-F5FB-49E5-88BB-4F68B6FFE163}.Debug|Any CPU.ActiveCfg = Debug|Any CPU
		{136CCA23-F5FB-49E5-88BB-4F68B6FFE163}.Debug|Any CPU.Build.0 = Debug|Any CPU
		{136CCA23-F5FB-49E5-88BB-4F68B6FFE163}.Release|Any CPU.ActiveCfg = Release|Any CPU
		{136CCA23-F5FB-49E5-88BB-4F68B6FFE163}.Release|Any CPU.Build.0 = Release|Any CPU
		{977FC6BA-3F3C-4C2F-BEFC-E2DDB07D6CDB}.Debug|Any CPU.ActiveCfg = Debug|Any CPU
		{977FC6BA-3F3C-4C2F-BEFC-E2DDB07D6CDB}.Debug|Any CPU.Build.0 = Debug|Any CPU
		{977FC6BA-3F3C-4C2F-BEFC-E2DDB07D6CDB}.Release|Any CPU.ActiveCfg = Release|Any CPU
		{977FC6BA-3F3C-4C2F-BEFC-E2DDB07D6CDB}.Release|Any CPU.Build.0 = Release|Any CPU
	EndGlobalSection
	GlobalSection(SolutionProperties) = preSolution
		HideSolutionNode = FALSE
	EndGlobalSection
	GlobalSection(ExtensibilityGlobals) = postSolution
		SolutionGuid = {E41AE437-AD01-4666-93DC-51A203C1CBE1}
	EndGlobalSection
EndGlobal
