
Microsoft Visual Studio Solution File, Format Version 12.00
# Visual Studio Version 17
VisualStudioVersion = 17.7.34202.233
MinimumVisualStudioVersion = 10.0.40219.1
Project("{9A19103F-16F7-4668-BE54-9A1E7A4F7556}") = "01.Furniture", "01.Furniture\01.Furniture.csproj", "{77D71A5F-5046-49C1-BC4B-8B16920692F1}"
EndProject
Project("{9A19103F-16F7-4668-BE54-9A1E7A4F7556}") = "02.Race", "02.Race\02.Race.csproj", "{A6BAE626-F47C-401E-A328-F5CF2DC69379}"
EndProject
Project("{9A19103F-16F7-4668-BE54-9A1E7A4F7556}") = "04.StarEnigma", "04.StarEnigma\04.StarEnigma.csproj", "{D418CAC9-C998-4899-A70B-A8795909B79C}"
EndProject
Project("{9A19103F-16F7-4668-BE54-9A1E7A4F7556}") = "03. SoftUniBarIncome", "03. SoftUniBarIncome\03. SoftUniBarIncome.csproj", "{C0040408-AD70-4DC3-BF1E-936F079CCE60}"
EndProject
Project("{FAE04EC0-301F-11D3-BF4B-00C04F79EFBC}") = "05.NetherRealms", "05.NetherRealms\05.NetherRealms.csproj", "{964D67E2-5A3F-4E92-AB2A-4C454E629A01}"
EndProject
Project("{FAE04EC0-301F-11D3-BF4B-00C04F79EFBC}") = "06.ExtractEmails", "06.ExtractEmails\06.ExtractEmails.csproj", "{A98928B9-7AA9-42EB-A023-4EA17D3072FB}"
EndProject
Global
	GlobalSection(SolutionConfigurationPlatforms) = preSolution
		Debug|Any CPU = Debug|Any CPU
		Release|Any CPU = Release|Any CPU
	EndGlobalSection
	GlobalSection(ProjectConfigurationPlatforms) = postSolution
		{77D71A5F-5046-49C1-BC4B-8B16920692F1}.Debug|Any CPU.ActiveCfg = Debug|Any CPU
		{77D71A5F-5046-49C1-BC4B-8B16920692F1}.Debug|Any CPU.Build.0 = Debug|Any CPU
		{77D71A5F-5046-49C1-BC4B-8B16920692F1}.Release|Any CPU.ActiveCfg = Release|Any CPU
		{77D71A5F-5046-49C1-BC4B-8B16920692F1}.Release|Any CPU.Build.0 = Release|Any CPU
		{A6BAE626-F47C-401E-A328-F5CF2DC69379}.Debug|Any CPU.ActiveCfg = Debug|Any CPU
		{A6BAE626-F47C-401E-A328-F5CF2DC69379}.Debug|Any CPU.Build.0 = Debug|Any CPU
		{A6BAE626-F47C-401E-A328-F5CF2DC69379}.Release|Any CPU.ActiveCfg = Release|Any CPU
		{A6BAE626-F47C-401E-A328-F5CF2DC69379}.Release|Any CPU.Build.0 = Release|Any CPU
		{D418CAC9-C998-4899-A70B-A8795909B79C}.Debug|Any CPU.ActiveCfg = Debug|Any CPU
		{D418CAC9-C998-4899-A70B-A8795909B79C}.Debug|Any CPU.Build.0 = Debug|Any CPU
		{D418CAC9-C998-4899-A70B-A8795909B79C}.Release|Any CPU.ActiveCfg = Release|Any CPU
		{D418CAC9-C998-4899-A70B-A8795909B79C}.Release|Any CPU.Build.0 = Release|Any CPU
		{C0040408-AD70-4DC3-BF1E-936F079CCE60}.Debug|Any CPU.ActiveCfg = Debug|Any CPU
		{C0040408-AD70-4DC3-BF1E-936F079CCE60}.Debug|Any CPU.Build.0 = Debug|Any CPU
		{C0040408-AD70-4DC3-BF1E-936F079CCE60}.Release|Any CPU.ActiveCfg = Release|Any CPU
		{C0040408-AD70-4DC3-BF1E-936F079CCE60}.Release|Any CPU.Build.0 = Release|Any CPU
		{964D67E2-5A3F-4E92-AB2A-4C454E629A01}.Debug|Any CPU.ActiveCfg = Debug|Any CPU
		{964D67E2-5A3F-4E92-AB2A-4C454E629A01}.Debug|Any CPU.Build.0 = Debug|Any CPU
		{964D67E2-5A3F-4E92-AB2A-4C454E629A01}.Release|Any CPU.ActiveCfg = Release|Any CPU
		{964D67E2-5A3F-4E92-AB2A-4C454E629A01}.Release|Any CPU.Build.0 = Release|Any CPU
		{A98928B9-7AA9-42EB-A023-4EA17D3072FB}.Debug|Any CPU.ActiveCfg = Debug|Any CPU
		{A98928B9-7AA9-42EB-A023-4EA17D3072FB}.Debug|Any CPU.Build.0 = Debug|Any CPU
		{A98928B9-7AA9-42EB-A023-4EA17D3072FB}.Release|Any CPU.ActiveCfg = Release|Any CPU
		{A98928B9-7AA9-42EB-A023-4EA17D3072FB}.Release|Any CPU.Build.0 = Release|Any CPU
	EndGlobalSection
	GlobalSection(SolutionProperties) = preSolution
		HideSolutionNode = FALSE
	EndGlobalSection
	GlobalSection(ExtensibilityGlobals) = postSolution
		SolutionGuid = {A3ADF45B-D6D3-46BA-8625-AEA73258669D}
	EndGlobalSection
EndGlobal
