
Microsoft Visual Studio Solution File, Format Version 12.00
# Visual Studio Version 17
VisualStudioVersion = 17.7.34202.233
MinimumVisualStudioVersion = 10.0.40219.1
Project("{9A19103F-16F7-4668-BE54-9A1E7A4F7556}") = "01.CompanyRoster", "01.CompanyRoster\01.CompanyRoster.csproj", "{D4CDD77D-D911-4FE8-AE25-2D3B25ABFBDF}"
EndProject
Project("{9A19103F-16F7-4668-BE54-9A1E7A4F7556}") = "02.OldestFamilyMember", "02.OldestFamilyMember\02.OldestFamilyMember.csproj", "{12547C4D-F797-4912-AE81-F4E909B16461}"
EndProject
Project("{FAE04EC0-301F-11D3-BF4B-00C04F79EFBC}") = "04.RawData", "04.RawData\04.RawData.csproj", "{121B69C0-19ED-4504-B877-193BA181DAB0}"
EndProject
Global
	GlobalSection(SolutionConfigurationPlatforms) = preSolution
		Debug|Any CPU = Debug|Any CPU
		Release|Any CPU = Release|Any CPU
	EndGlobalSection
	GlobalSection(ProjectConfigurationPlatforms) = postSolution
		{D4CDD77D-D911-4FE8-AE25-2D3B25ABFBDF}.Debug|Any CPU.ActiveCfg = Debug|Any CPU
		{D4CDD77D-D911-4FE8-AE25-2D3B25ABFBDF}.Debug|Any CPU.Build.0 = Debug|Any CPU
		{D4CDD77D-D911-4FE8-AE25-2D3B25ABFBDF}.Release|Any CPU.ActiveCfg = Release|Any CPU
		{D4CDD77D-D911-4FE8-AE25-2D3B25ABFBDF}.Release|Any CPU.Build.0 = Release|Any CPU
		{12547C4D-F797-4912-AE81-F4E909B16461}.Debug|Any CPU.ActiveCfg = Debug|Any CPU
		{12547C4D-F797-4912-AE81-F4E909B16461}.Debug|Any CPU.Build.0 = Debug|Any CPU
		{12547C4D-F797-4912-AE81-F4E909B16461}.Release|Any CPU.ActiveCfg = Release|Any CPU
		{12547C4D-F797-4912-AE81-F4E909B16461}.Release|Any CPU.Build.0 = Release|Any CPU
		{121B69C0-19ED-4504-B877-193BA181DAB0}.Debug|Any CPU.ActiveCfg = Debug|Any CPU
		{121B69C0-19ED-4504-B877-193BA181DAB0}.Debug|Any CPU.Build.0 = Debug|Any CPU
		{121B69C0-19ED-4504-B877-193BA181DAB0}.Release|Any CPU.ActiveCfg = Release|Any CPU
		{121B69C0-19ED-4504-B877-193BA181DAB0}.Release|Any CPU.Build.0 = Release|Any CPU
	EndGlobalSection
	GlobalSection(SolutionProperties) = preSolution
		HideSolutionNode = FALSE
	EndGlobalSection
	GlobalSection(ExtensibilityGlobals) = postSolution
		SolutionGuid = {574FFF09-5908-4381-88CD-D5CCA7525EBC}
	EndGlobalSection
EndGlobal
