
Microsoft Visual Studio Solution File, Format Version 12.00
# Visual Studio Version 17
VisualStudioVersion = 17.8.34322.80
MinimumVisualStudioVersion = 10.0.40219.1
Project("{FAE04EC0-301F-11D3-BF4B-00C04F79EFBC}") = "RandomSentenceGenerator", "RandomSentenceGenerator\RandomSentenceGenerator.csproj", "{901480AB-056A-4E00-91F5-70E8534DA702}"
EndProject
Global
	GlobalSection(SolutionConfigurationPlatforms) = preSolution
		Debug|Any CPU = Debug|Any CPU
		Release|Any CPU = Release|Any CPU
	EndGlobalSection
	GlobalSection(ProjectConfigurationPlatforms) = postSolution
		{901480AB-056A-4E00-91F5-70E8534DA702}.Debug|Any CPU.ActiveCfg = Debug|Any CPU
		{901480AB-056A-4E00-91F5-70E8534DA702}.Debug|Any CPU.Build.0 = Debug|Any CPU
		{901480AB-056A-4E00-91F5-70E8534DA702}.Release|Any CPU.ActiveCfg = Release|Any CPU
		{901480AB-056A-4E00-91F5-70E8534DA702}.Release|Any CPU.Build.0 = Release|Any CPU
	EndGlobalSection
	GlobalSection(SolutionProperties) = preSolution
		HideSolutionNode = FALSE
	EndGlobalSection
	GlobalSection(ExtensibilityGlobals) = postSolution
		SolutionGuid = {FBFF665D-47FA-4145-AE61-9FA12F5C7B29}
	EndGlobalSection
EndGlobal
