
Microsoft Visual Studio Solution File, Format Version 12.00
# Visual Studio Version 17
VisualStudioVersion = 17.7.34202.233
MinimumVisualStudioVersion = 10.0.40219.1
Project("{FAE04EC0-301F-11D3-BF4B-00C04F79EFBC}") = "01.AdvertisementMessage", "01.AdvertisementMessage\01.AdvertisementMessage.csproj", "{71841DB3-937D-4F6E-9BE4-6199159E26C3}"
EndProject
Project("{FAE04EC0-301F-11D3-BF4B-00C04F79EFBC}") = "02.Articles", "02.Articles\02.Articles.csproj", "{6DAC7831-4253-4AEE-A026-188A421123DB}"
EndProject
Project("{FAE04EC0-301F-11D3-BF4B-00C04F79EFBC}") = "03.Articles2.0", "03.Articles2.0\03.Articles2.0.csproj", "{8690AE92-3A91-4221-B23A-C1516D3995AE}"
EndProject
Global
	GlobalSection(SolutionConfigurationPlatforms) = preSolution
		Debug|Any CPU = Debug|Any CPU
		Release|Any CPU = Release|Any CPU
	EndGlobalSection
	GlobalSection(ProjectConfigurationPlatforms) = postSolution
		{71841DB3-937D-4F6E-9BE4-6199159E26C3}.Debug|Any CPU.ActiveCfg = Debug|Any CPU
		{71841DB3-937D-4F6E-9BE4-6199159E26C3}.Debug|Any CPU.Build.0 = Debug|Any CPU
		{71841DB3-937D-4F6E-9BE4-6199159E26C3}.Release|Any CPU.ActiveCfg = Release|Any CPU
		{71841DB3-937D-4F6E-9BE4-6199159E26C3}.Release|Any CPU.Build.0 = Release|Any CPU
		{6DAC7831-4253-4AEE-A026-188A421123DB}.Debug|Any CPU.ActiveCfg = Debug|Any CPU
		{6DAC7831-4253-4AEE-A026-188A421123DB}.Debug|Any CPU.Build.0 = Debug|Any CPU
		{6DAC7831-4253-4AEE-A026-188A421123DB}.Release|Any CPU.ActiveCfg = Release|Any CPU
		{6DAC7831-4253-4AEE-A026-188A421123DB}.Release|Any CPU.Build.0 = Release|Any CPU
		{8690AE92-3A91-4221-B23A-C1516D3995AE}.Debug|Any CPU.ActiveCfg = Debug|Any CPU
		{8690AE92-3A91-4221-B23A-C1516D3995AE}.Debug|Any CPU.Build.0 = Debug|Any CPU
		{8690AE92-3A91-4221-B23A-C1516D3995AE}.Release|Any CPU.ActiveCfg = Release|Any CPU
		{8690AE92-3A91-4221-B23A-C1516D3995AE}.Release|Any CPU.Build.0 = Release|Any CPU
	EndGlobalSection
	GlobalSection(SolutionProperties) = preSolution
		HideSolutionNode = FALSE
	EndGlobalSection
	GlobalSection(ExtensibilityGlobals) = postSolution
		SolutionGuid = {DA8DBFDA-15CA-4C23-B9BA-3C434183F2D6}
	EndGlobalSection
EndGlobal
