
Microsoft Visual Studio Solution File, Format Version 12.00
# Visual Studio Version 17
VisualStudioVersion = 17.7.34202.233
MinimumVisualStudioVersion = 10.0.40219.1
Project("{9A19103F-16F7-4668-BE54-9A1E7A4F7556}") = "01.ValidUsernames", "01.ValidUsernames\01.ValidUsernames.csproj", "{9CEFB520-4B06-40F5-81B3-AADE566605CF}"
EndProject
Project("{FAE04EC0-301F-11D3-BF4B-00C04F79EFBC}") = "02.CharacterMultiplier", "02.CharacterMultiplier\02.CharacterMultiplier.csproj", "{CBCFC6FE-8832-4ECF-90B7-88301FB6467E}"
EndProject
Project("{FAE04EC0-301F-11D3-BF4B-00C04F79EFBC}") = "03.ExtractFile", "03.ExtractFile\03.ExtractFile.csproj", "{F62F7072-ED29-4890-9978-5882B6E68CEE}"
EndProject
Project("{FAE04EC0-301F-11D3-BF4B-00C04F79EFBC}") = "04.CaesarCipher", "04.CaesarCipher\04.CaesarCipher.csproj", "{F9D1F3AC-B56C-45BF-B205-B99D517D5053}"
EndProject
Project("{FAE04EC0-301F-11D3-BF4B-00C04F79EFBC}") = "05.MultiplyBigNumber", "05.MultiplyBigNumber\05.MultiplyBigNumber.csproj", "{AC2154F7-BAB4-4314-9C26-E968DEF66E44}"
EndProject
Project("{FAE04EC0-301F-11D3-BF4B-00C04F79EFBC}") = "06.ReplaceRepeatingChars", "06.ReplaceRepeatingChars\06.ReplaceRepeatingChars.csproj", "{1A2BBBCB-AD23-4F7C-8728-B8C8EC3815ED}"
EndProject
Project("{FAE04EC0-301F-11D3-BF4B-00C04F79EFBC}") = "07.StringExplosion", "07.StringExplosion\07.StringExplosion.csproj", "{B3121834-FC11-44FD-BDCA-BB4CABFE1B14}"
EndProject
Project("{FAE04EC0-301F-11D3-BF4B-00C04F79EFBC}") = "08.LettersChangeNumbers", "08.LettersChangeNumbers\08.LettersChangeNumbers.csproj", "{6FE10ECC-CDE8-4034-9BC2-218FB26AEAB6}"
EndProject
Global
	GlobalSection(SolutionConfigurationPlatforms) = preSolution
		Debug|Any CPU = Debug|Any CPU
		Release|Any CPU = Release|Any CPU
	EndGlobalSection
	GlobalSection(ProjectConfigurationPlatforms) = postSolution
		{9CEFB520-4B06-40F5-81B3-AADE566605CF}.Debug|Any CPU.ActiveCfg = Debug|Any CPU
		{9CEFB520-4B06-40F5-81B3-AADE566605CF}.Debug|Any CPU.Build.0 = Debug|Any CPU
		{9CEFB520-4B06-40F5-81B3-AADE566605CF}.Release|Any CPU.ActiveCfg = Release|Any CPU
		{9CEFB520-4B06-40F5-81B3-AADE566605CF}.Release|Any CPU.Build.0 = Release|Any CPU
		{CBCFC6FE-8832-4ECF-90B7-88301FB6467E}.Debug|Any CPU.ActiveCfg = Debug|Any CPU
		{CBCFC6FE-8832-4ECF-90B7-88301FB6467E}.Debug|Any CPU.Build.0 = Debug|Any CPU
		{CBCFC6FE-8832-4ECF-90B7-88301FB6467E}.Release|Any CPU.ActiveCfg = Release|Any CPU
		{CBCFC6FE-8832-4ECF-90B7-88301FB6467E}.Release|Any CPU.Build.0 = Release|Any CPU
		{F62F7072-ED29-4890-9978-5882B6E68CEE}.Debug|Any CPU.ActiveCfg = Debug|Any CPU
		{F62F7072-ED29-4890-9978-5882B6E68CEE}.Debug|Any CPU.Build.0 = Debug|Any CPU
		{F62F7072-ED29-4890-9978-5882B6E68CEE}.Release|Any CPU.ActiveCfg = Release|Any CPU
		{F62F7072-ED29-4890-9978-5882B6E68CEE}.Release|Any CPU.Build.0 = Release|Any CPU
		{F9D1F3AC-B56C-45BF-B205-B99D517D5053}.Debug|Any CPU.ActiveCfg = Debug|Any CPU
		{F9D1F3AC-B56C-45BF-B205-B99D517D5053}.Debug|Any CPU.Build.0 = Debug|Any CPU
		{F9D1F3AC-B56C-45BF-B205-B99D517D5053}.Release|Any CPU.ActiveCfg = Release|Any CPU
		{F9D1F3AC-B56C-45BF-B205-B99D517D5053}.Release|Any CPU.Build.0 = Release|Any CPU
		{AC2154F7-BAB4-4314-9C26-E968DEF66E44}.Debug|Any CPU.ActiveCfg = Debug|Any CPU
		{AC2154F7-BAB4-4314-9C26-E968DEF66E44}.Debug|Any CPU.Build.0 = Debug|Any CPU
		{AC2154F7-BAB4-4314-9C26-E968DEF66E44}.Release|Any CPU.ActiveCfg = Release|Any CPU
		{AC2154F7-BAB4-4314-9C26-E968DEF66E44}.Release|Any CPU.Build.0 = Release|Any CPU
		{1A2BBBCB-AD23-4F7C-8728-B8C8EC3815ED}.Debug|Any CPU.ActiveCfg = Debug|Any CPU
		{1A2BBBCB-AD23-4F7C-8728-B8C8EC3815ED}.Debug|Any CPU.Build.0 = Debug|Any CPU
		{1A2BBBCB-AD23-4F7C-8728-B8C8EC3815ED}.Release|Any CPU.ActiveCfg = Release|Any CPU
		{1A2BBBCB-AD23-4F7C-8728-B8C8EC3815ED}.Release|Any CPU.Build.0 = Release|Any CPU
		{B3121834-FC11-44FD-BDCA-BB4CABFE1B14}.Debug|Any CPU.ActiveCfg = Debug|Any CPU
		{B3121834-FC11-44FD-BDCA-BB4CABFE1B14}.Debug|Any CPU.Build.0 = Debug|Any CPU
		{B3121834-FC11-44FD-BDCA-BB4CABFE1B14}.Release|Any CPU.ActiveCfg = Release|Any CPU
		{B3121834-FC11-44FD-BDCA-BB4CABFE1B14}.Release|Any CPU.Build.0 = Release|Any CPU
		{6FE10ECC-CDE8-4034-9BC2-218FB26AEAB6}.Debug|Any CPU.ActiveCfg = Debug|Any CPU
		{6FE10ECC-CDE8-4034-9BC2-218FB26AEAB6}.Debug|Any CPU.Build.0 = Debug|Any CPU
		{6FE10ECC-CDE8-4034-9BC2-218FB26AEAB6}.Release|Any CPU.ActiveCfg = Release|Any CPU
		{6FE10ECC-CDE8-4034-9BC2-218FB26AEAB6}.Release|Any CPU.Build.0 = Release|Any CPU
	EndGlobalSection
	GlobalSection(SolutionProperties) = preSolution
		HideSolutionNode = FALSE
	EndGlobalSection
	GlobalSection(ExtensibilityGlobals) = postSolution
		SolutionGuid = {A2B33091-4887-4E2A-878E-5551A3A2BD5A}
	EndGlobalSection
EndGlobal
