
Microsoft Visual Studio Solution File, Format Version 12.00
# Visual Studio Version 17
VisualStudioVersion = 17.7.34202.233
MinimumVisualStudioVersion = 10.0.40219.1
Project("{9A19103F-16F7-4668-BE54-9A1E7A4F7556}") = "02.RageQuit", "02.RageQuit\02.RageQuit.csproj", "{53B4BEB3-599E-427C-B998-D704FBA0751A}"
EndProject
Global
	GlobalSection(SolutionConfigurationPlatforms) = preSolution
		Debug|Any CPU = Debug|Any CPU
		Release|Any CPU = Release|Any CPU
	EndGlobalSection
	GlobalSection(ProjectConfigurationPlatforms) = postSolution
		{53B4BEB3-599E-427C-B998-D704FBA0751A}.Debug|Any CPU.ActiveCfg = Debug|Any CPU
		{53B4BEB3-599E-427C-B998-D704FBA0751A}.Debug|Any CPU.Build.0 = Debug|Any CPU
		{53B4BEB3-599E-427C-B998-D704FBA0751A}.Release|Any CPU.ActiveCfg = Release|Any CPU
		{53B4BEB3-599E-427C-B998-D704FBA0751A}.Release|Any CPU.Build.0 = Release|Any CPU
	EndGlobalSection
	GlobalSection(SolutionProperties) = preSolution
		HideSolutionNode = FALSE
	EndGlobalSection
	GlobalSection(ExtensibilityGlobals) = postSolution
		SolutionGuid = {01AACD3A-67EE-4011-96F5-D8056B8F710B}
	EndGlobalSection
EndGlobal
