
Microsoft Visual Studio Solution File, Format Version 12.00
# Visual Studio Version 17
VisualStudioVersion = 17.7.34031.279
MinimumVisualStudioVersion = 10.0.40219.1
Project("{9A19103F-16F7-4668-BE54-9A1E7A4F7556}") = "01.SumAdjacentEqualNumbers", "01.SumAdjacentEqualNumbers\01.SumAdjacentEqualNumbers.csproj", "{8D8F09D4-6D84-4E50-89B7-235A2494A6C7}"
EndProject
Project("{9A19103F-16F7-4668-BE54-9A1E7A4F7556}") = "02.GaussTrick", "02.GaussTrick\02.GaussTrick.csproj", "{3A56B78D-6BE3-4893-AD3B-F3C6BF93829D}"
EndProject
Project("{9A19103F-16F7-4668-BE54-9A1E7A4F7556}") = "03.MergingLists", "03.MergingLists\03.MergingLists.csproj", "{437AC3C4-54CB-4813-930C-A0A45DA84172}"
EndProject
Project("{9A19103F-16F7-4668-BE54-9A1E7A4F7556}") = "04.List ОfProducts", "04.List ОfProducts\04.List ОfProducts.csproj", "{34D3BD08-B472-43F9-825E-5DBAC3D68FE2}"
EndProject
Project("{FAE04EC0-301F-11D3-BF4B-00C04F79EFBC}") = "05.RemoveNegativesAndReverse", "05.RemoveNegativesAndReverse\05.RemoveNegativesAndReverse.csproj", "{9437589A-8756-4020-A295-591375491F5C}"
EndProject
Project("{FAE04EC0-301F-11D3-BF4B-00C04F79EFBC}") = "06.ListManipulationBasics", "06.ListManipulationBasics\06.ListManipulationBasics.csproj", "{2018810D-9517-46E9-9A62-C697A5F9FCB2}"
EndProject
Project("{FAE04EC0-301F-11D3-BF4B-00C04F79EFBC}") = "07.ListManipulationAdvanced", "07.ListManipulationAdvanced\07.ListManipulationAdvanced.csproj", "{6CE8F8FB-598A-4D85-B5BF-BAB8840BAB38}"
EndProject
Global
	GlobalSection(SolutionConfigurationPlatforms) = preSolution
		Debug|Any CPU = Debug|Any CPU
		Release|Any CPU = Release|Any CPU
	EndGlobalSection
	GlobalSection(ProjectConfigurationPlatforms) = postSolution
		{8D8F09D4-6D84-4E50-89B7-235A2494A6C7}.Debug|Any CPU.ActiveCfg = Debug|Any CPU
		{8D8F09D4-6D84-4E50-89B7-235A2494A6C7}.Debug|Any CPU.Build.0 = Debug|Any CPU
		{8D8F09D4-6D84-4E50-89B7-235A2494A6C7}.Release|Any CPU.ActiveCfg = Release|Any CPU
		{8D8F09D4-6D84-4E50-89B7-235A2494A6C7}.Release|Any CPU.Build.0 = Release|Any CPU
		{3A56B78D-6BE3-4893-AD3B-F3C6BF93829D}.Debug|Any CPU.ActiveCfg = Debug|Any CPU
		{3A56B78D-6BE3-4893-AD3B-F3C6BF93829D}.Debug|Any CPU.Build.0 = Debug|Any CPU
		{3A56B78D-6BE3-4893-AD3B-F3C6BF93829D}.Release|Any CPU.ActiveCfg = Release|Any CPU
		{3A56B78D-6BE3-4893-AD3B-F3C6BF93829D}.Release|Any CPU.Build.0 = Release|Any CPU
		{437AC3C4-54CB-4813-930C-A0A45DA84172}.Debug|Any CPU.ActiveCfg = Debug|Any CPU
		{437AC3C4-54CB-4813-930C-A0A45DA84172}.Debug|Any CPU.Build.0 = Debug|Any CPU
		{437AC3C4-54CB-4813-930C-A0A45DA84172}.Release|Any CPU.ActiveCfg = Release|Any CPU
		{437AC3C4-54CB-4813-930C-A0A45DA84172}.Release|Any CPU.Build.0 = Release|Any CPU
		{34D3BD08-B472-43F9-825E-5DBAC3D68FE2}.Debug|Any CPU.ActiveCfg = Debug|Any CPU
		{34D3BD08-B472-43F9-825E-5DBAC3D68FE2}.Debug|Any CPU.Build.0 = Debug|Any CPU
		{34D3BD08-B472-43F9-825E-5DBAC3D68FE2}.Release|Any CPU.ActiveCfg = Release|Any CPU
		{34D3BD08-B472-43F9-825E-5DBAC3D68FE2}.Release|Any CPU.Build.0 = Release|Any CPU
		{9437589A-8756-4020-A295-591375491F5C}.Debug|Any CPU.ActiveCfg = Debug|Any CPU
		{9437589A-8756-4020-A295-591375491F5C}.Debug|Any CPU.Build.0 = Debug|Any CPU
		{9437589A-8756-4020-A295-591375491F5C}.Release|Any CPU.ActiveCfg = Release|Any CPU
		{9437589A-8756-4020-A295-591375491F5C}.Release|Any CPU.Build.0 = Release|Any CPU
		{2018810D-9517-46E9-9A62-C697A5F9FCB2}.Debug|Any CPU.ActiveCfg = Debug|Any CPU
		{2018810D-9517-46E9-9A62-C697A5F9FCB2}.Debug|Any CPU.Build.0 = Debug|Any CPU
		{2018810D-9517-46E9-9A62-C697A5F9FCB2}.Release|Any CPU.ActiveCfg = Release|Any CPU
		{2018810D-9517-46E9-9A62-C697A5F9FCB2}.Release|Any CPU.Build.0 = Release|Any CPU
		{6CE8F8FB-598A-4D85-B5BF-BAB8840BAB38}.Debug|Any CPU.ActiveCfg = Debug|Any CPU
		{6CE8F8FB-598A-4D85-B5BF-BAB8840BAB38}.Debug|Any CPU.Build.0 = Debug|Any CPU
		{6CE8F8FB-598A-4D85-B5BF-BAB8840BAB38}.Release|Any CPU.ActiveCfg = Release|Any CPU
		{6CE8F8FB-598A-4D85-B5BF-BAB8840BAB38}.Release|Any CPU.Build.0 = Release|Any CPU
	EndGlobalSection
	GlobalSection(SolutionProperties) = preSolution
		HideSolutionNode = FALSE
	EndGlobalSection
	GlobalSection(ExtensibilityGlobals) = postSolution
		SolutionGuid = {95888A2F-4044-40F9-97D3-59A900A07863}
	EndGlobalSection
EndGlobal
