
Microsoft Visual Studio Solution File, Format Version 12.00
# Visual Studio Version 17
VisualStudioVersion = 17.7.34031.279
MinimumVisualStudioVersion = 10.0.40219.1
Project("{9A19103F-16F7-4668-BE54-9A1E7A4F7556}") = "01.SmallestOfThreeNumbers", "01.SmallestOfThreeNumbers\01.SmallestOfThreeNumbers.csproj", "{B7E3270C-5B7C-4742-ADC1-20C45C17E706}"
EndProject
Project("{9A19103F-16F7-4668-BE54-9A1E7A4F7556}") = "07.NxNMatrix", "07.NxNMatrix\07.NxNMatrix.csproj", "{15C422AA-4726-473B-92D4-432BBB4041F2}"
EndProject
Project("{9A19103F-16F7-4668-BE54-9A1E7A4F7556}") = "02.VowelsCount", "02.VowelsCount\02.VowelsCount.csproj", "{9B9AC320-E7F7-40A3-BB94-88039D65ED96}"
EndProject
Project("{9A19103F-16F7-4668-BE54-9A1E7A4F7556}") = "03.CharactersInRange", "03.CharactersInRange\03.CharactersInRange.csproj", "{85415C2D-717C-4837-B17A-D7C59BAD0B24}"
EndProject
Project("{9A19103F-16F7-4668-BE54-9A1E7A4F7556}") = "04.PasswordValidator", "04.PasswordValidator\04.PasswordValidator.csproj", "{AD410FC2-DB6B-424E-832D-4E07C0BF83BE}"
EndProject
Project("{FAE04EC0-301F-11D3-BF4B-00C04F79EFBC}") = "05.AddAndSubtract", "05.AddAndSubtract\05.AddAndSubtract.csproj", "{236AA83F-AA67-4E0C-9939-0807BEF53BED}"
EndProject
Project("{FAE04EC0-301F-11D3-BF4B-00C04F79EFBC}") = "06.MiddleCharacters", "06.MiddleCharacters\06.MiddleCharacters.csproj", "{8A186B99-ABDD-4000-8ABD-A1767A4A3F88}"
EndProject
Project("{FAE04EC0-301F-11D3-BF4B-00C04F79EFBC}") = "08.FactorialDivision", "08.FactorialDivision\08.FactorialDivision.csproj", "{E8274295-ECED-49C3-ACAB-ED4514144351}"
EndProject
Project("{FAE04EC0-301F-11D3-BF4B-00C04F79EFBC}") = "09.PalindromeIntegers", "09.PalindromeIntegers\09.PalindromeIntegers.csproj", "{ECD49DCD-FC51-4F64-8AEC-433253472E9B}"
EndProject
Global
	GlobalSection(SolutionConfigurationPlatforms) = preSolution
		Debug|Any CPU = Debug|Any CPU
		Release|Any CPU = Release|Any CPU
	EndGlobalSection
	GlobalSection(ProjectConfigurationPlatforms) = postSolution
		{B7E3270C-5B7C-4742-ADC1-20C45C17E706}.Debug|Any CPU.ActiveCfg = Debug|Any CPU
		{B7E3270C-5B7C-4742-ADC1-20C45C17E706}.Debug|Any CPU.Build.0 = Debug|Any CPU
		{B7E3270C-5B7C-4742-ADC1-20C45C17E706}.Release|Any CPU.ActiveCfg = Release|Any CPU
		{B7E3270C-5B7C-4742-ADC1-20C45C17E706}.Release|Any CPU.Build.0 = Release|Any CPU
		{15C422AA-4726-473B-92D4-432BBB4041F2}.Debug|Any CPU.ActiveCfg = Debug|Any CPU
		{15C422AA-4726-473B-92D4-432BBB4041F2}.Debug|Any CPU.Build.0 = Debug|Any CPU
		{15C422AA-4726-473B-92D4-432BBB4041F2}.Release|Any CPU.ActiveCfg = Release|Any CPU
		{15C422AA-4726-473B-92D4-432BBB4041F2}.Release|Any CPU.Build.0 = Release|Any CPU
		{9B9AC320-E7F7-40A3-BB94-88039D65ED96}.Debug|Any CPU.ActiveCfg = Debug|Any CPU
		{9B9AC320-E7F7-40A3-BB94-88039D65ED96}.Debug|Any CPU.Build.0 = Debug|Any CPU
		{9B9AC320-E7F7-40A3-BB94-88039D65ED96}.Release|Any CPU.ActiveCfg = Release|Any CPU
		{9B9AC320-E7F7-40A3-BB94-88039D65ED96}.Release|Any CPU.Build.0 = Release|Any CPU
		{85415C2D-717C-4837-B17A-D7C59BAD0B24}.Debug|Any CPU.ActiveCfg = Debug|Any CPU
		{85415C2D-717C-4837-B17A-D7C59BAD0B24}.Debug|Any CPU.Build.0 = Debug|Any CPU
		{85415C2D-717C-4837-B17A-D7C59BAD0B24}.Release|Any CPU.ActiveCfg = Release|Any CPU
		{85415C2D-717C-4837-B17A-D7C59BAD0B24}.Release|Any CPU.Build.0 = Release|Any CPU
		{AD410FC2-DB6B-424E-832D-4E07C0BF83BE}.Debug|Any CPU.ActiveCfg = Debug|Any CPU
		{AD410FC2-DB6B-424E-832D-4E07C0BF83BE}.Debug|Any CPU.Build.0 = Debug|Any CPU
		{AD410FC2-DB6B-424E-832D-4E07C0BF83BE}.Release|Any CPU.ActiveCfg = Release|Any CPU
		{AD410FC2-DB6B-424E-832D-4E07C0BF83BE}.Release|Any CPU.Build.0 = Release|Any CPU
		{236AA83F-AA67-4E0C-9939-0807BEF53BED}.Debug|Any CPU.ActiveCfg = Debug|Any CPU
		{236AA83F-AA67-4E0C-9939-0807BEF53BED}.Debug|Any CPU.Build.0 = Debug|Any CPU
		{236AA83F-AA67-4E0C-9939-0807BEF53BED}.Release|Any CPU.ActiveCfg = Release|Any CPU
		{236AA83F-AA67-4E0C-9939-0807BEF53BED}.Release|Any CPU.Build.0 = Release|Any CPU
		{8A186B99-ABDD-4000-8ABD-A1767A4A3F88}.Debug|Any CPU.ActiveCfg = Debug|Any CPU
		{8A186B99-ABDD-4000-8ABD-A1767A4A3F88}.Debug|Any CPU.Build.0 = Debug|Any CPU
		{8A186B99-ABDD-4000-8ABD-A1767A4A3F88}.Release|Any CPU.ActiveCfg = Release|Any CPU
		{8A186B99-ABDD-4000-8ABD-A1767A4A3F88}.Release|Any CPU.Build.0 = Release|Any CPU
		{E8274295-ECED-49C3-ACAB-ED4514144351}.Debug|Any CPU.ActiveCfg = Debug|Any CPU
		{E8274295-ECED-49C3-ACAB-ED4514144351}.Debug|Any CPU.Build.0 = Debug|Any CPU
		{E8274295-ECED-49C3-ACAB-ED4514144351}.Release|Any CPU.ActiveCfg = Release|Any CPU
		{E8274295-ECED-49C3-ACAB-ED4514144351}.Release|Any CPU.Build.0 = Release|Any CPU
		{ECD49DCD-FC51-4F64-8AEC-433253472E9B}.Debug|Any CPU.ActiveCfg = Debug|Any CPU
		{ECD49DCD-FC51-4F64-8AEC-433253472E9B}.Debug|Any CPU.Build.0 = Debug|Any CPU
		{ECD49DCD-FC51-4F64-8AEC-433253472E9B}.Release|Any CPU.ActiveCfg = Release|Any CPU
		{ECD49DCD-FC51-4F64-8AEC-433253472E9B}.Release|Any CPU.Build.0 = Release|Any CPU
	EndGlobalSection
	GlobalSection(SolutionProperties) = preSolution
		HideSolutionNode = FALSE
	EndGlobalSection
	GlobalSection(ExtensibilityGlobals) = postSolution
		SolutionGuid = {21D5D654-8768-4EAD-A83F-8B8C3A08334F}
	EndGlobalSection
EndGlobal
