
Microsoft Visual Studio Solution File, Format Version 12.00
# Visual Studio Version 17
VisualStudioVersion = 17.7.34031.279
MinimumVisualStudioVersion = 10.0.40219.1
Project("{9A19103F-16F7-4668-BE54-9A1E7A4F7556}") = "ComputerStore", "ComputerStore\ComputerStore.csproj", "{30E7F82A-12CA-4E11-8C2D-B32FE774A186}"
EndProject
Project("{9A19103F-16F7-4668-BE54-9A1E7A4F7556}") = "SoftUniReception", "SoftUniReception\SoftUniReception.csproj", "{28C5DB37-D011-4615-8712-1EF3DD7D2CD1}"
EndProject
Project("{9A19103F-16F7-4668-BE54-9A1E7A4F7556}") = "ArrayModifier", "ArrayModifier\ArrayModifier.csproj", "{ADB1CB31-7771-4E11-AE0B-830892B0748A}"
EndProject
Project("{9A19103F-16F7-4668-BE54-9A1E7A4F7556}") = "Numbers", "Numbers\Numbers.csproj", "{33996663-9049-49B7-AF92-12A737504550}"
EndProject
Project("{9A19103F-16F7-4668-BE54-9A1E7A4F7556}") = "CounterStrike", "CounterStrike\CounterStrike.csproj", "{46CD28D5-CCD4-4697-84C5-B065D85AAD90}"
EndProject
Project("{9A19103F-16F7-4668-BE54-9A1E7A4F7556}") = "02.ShootForTheWin", "02.ShootForTheWin\02.ShootForTheWin.csproj", "{C9491C9C-CF8C-4F51-89C5-A48D94CB28E3}"
EndProject
Project("{9A19103F-16F7-4668-BE54-9A1E7A4F7556}") = "ShoppingList", "ShoppingList\ShoppingList.csproj", "{5EF7A6A8-A79B-4A12-86CE-81E5F150BC43}"
EndProject
Project("{9A19103F-16F7-4668-BE54-9A1E7A4F7556}") = "03.HeartDelivery", "03.HeartDelivery\03.HeartDelivery.csproj", "{F35491E4-836C-44D4-8EDF-D9FD7087C50A}"
EndProject
Project("{9A19103F-16F7-4668-BE54-9A1E7A4F7556}") = "01.GuineaPig", "01.GuineaPig\01.GuineaPig.csproj", "{63867E46-C1BC-4EF9-AAB3-011BE785781C}"
EndProject
Project("{9A19103F-16F7-4668-BE54-9A1E7A4F7556}") = "02.TheLift", "02.TheLift\02.TheLift.csproj", "{AB88FAED-0B6D-412D-BD4C-9DAEF81114A7}"
EndProject
Project("{9A19103F-16F7-4668-BE54-9A1E7A4F7556}") = "03.MovingTarget", "03.MovingTarget\03.MovingTarget.csproj", "{B4F75A6F-AE18-430A-9779-4A453C8504C2}"
EndProject
Project("{9A19103F-16F7-4668-BE54-9A1E7A4F7556}") = "03.MemoryGame", "03.MemoryGame\03.MemoryGame.csproj", "{6C073652-26B8-47D1-8750-ECA881E7784B}"
EndProject
Project("{FAE04EC0-301F-11D3-BF4B-00C04F79EFBC}") = "01.BonusScoringSystem", "01.BonusScoringSystem\01.BonusScoringSystem.csproj", "{CEB707DD-FC18-4235-B99F-3FFACD0F95D8}"
EndProject
Global
	GlobalSection(SolutionConfigurationPlatforms) = preSolution
		Debug|Any CPU = Debug|Any CPU
		Release|Any CPU = Release|Any CPU
	EndGlobalSection
	GlobalSection(ProjectConfigurationPlatforms) = postSolution
		{30E7F82A-12CA-4E11-8C2D-B32FE774A186}.Debug|Any CPU.ActiveCfg = Debug|Any CPU
		{30E7F82A-12CA-4E11-8C2D-B32FE774A186}.Debug|Any CPU.Build.0 = Debug|Any CPU
		{30E7F82A-12CA-4E11-8C2D-B32FE774A186}.Release|Any CPU.ActiveCfg = Release|Any CPU
		{30E7F82A-12CA-4E11-8C2D-B32FE774A186}.Release|Any CPU.Build.0 = Release|Any CPU
		{28C5DB37-D011-4615-8712-1EF3DD7D2CD1}.Debug|Any CPU.ActiveCfg = Debug|Any CPU
		{28C5DB37-D011-4615-8712-1EF3DD7D2CD1}.Debug|Any CPU.Build.0 = Debug|Any CPU
		{28C5DB37-D011-4615-8712-1EF3DD7D2CD1}.Release|Any CPU.ActiveCfg = Release|Any CPU
		{28C5DB37-D011-4615-8712-1EF3DD7D2CD1}.Release|Any CPU.Build.0 = Release|Any CPU
		{ADB1CB31-7771-4E11-AE0B-830892B0748A}.Debug|Any CPU.ActiveCfg = Debug|Any CPU
		{ADB1CB31-7771-4E11-AE0B-830892B0748A}.Debug|Any CPU.Build.0 = Debug|Any CPU
		{ADB1CB31-7771-4E11-AE0B-830892B0748A}.Release|Any CPU.ActiveCfg = Release|Any CPU
		{ADB1CB31-7771-4E11-AE0B-830892B0748A}.Release|Any CPU.Build.0 = Release|Any CPU
		{33996663-9049-49B7-AF92-12A737504550}.Debug|Any CPU.ActiveCfg = Debug|Any CPU
		{33996663-9049-49B7-AF92-12A737504550}.Debug|Any CPU.Build.0 = Debug|Any CPU
		{33996663-9049-49B7-AF92-12A737504550}.Release|Any CPU.ActiveCfg = Release|Any CPU
		{33996663-9049-49B7-AF92-12A737504550}.Release|Any CPU.Build.0 = Release|Any CPU
		{46CD28D5-CCD4-4697-84C5-B065D85AAD90}.Debug|Any CPU.ActiveCfg = Debug|Any CPU
		{46CD28D5-CCD4-4697-84C5-B065D85AAD90}.Debug|Any CPU.Build.0 = Debug|Any CPU
		{46CD28D5-CCD4-4697-84C5-B065D85AAD90}.Release|Any CPU.ActiveCfg = Release|Any CPU
		{46CD28D5-CCD4-4697-84C5-B065D85AAD90}.Release|Any CPU.Build.0 = Release|Any CPU
		{C9491C9C-CF8C-4F51-89C5-A48D94CB28E3}.Debug|Any CPU.ActiveCfg = Debug|Any CPU
		{C9491C9C-CF8C-4F51-89C5-A48D94CB28E3}.Debug|Any CPU.Build.0 = Debug|Any CPU
		{C9491C9C-CF8C-4F51-89C5-A48D94CB28E3}.Release|Any CPU.ActiveCfg = Release|Any CPU
		{C9491C9C-CF8C-4F51-89C5-A48D94CB28E3}.Release|Any CPU.Build.0 = Release|Any CPU
		{5EF7A6A8-A79B-4A12-86CE-81E5F150BC43}.Debug|Any CPU.ActiveCfg = Debug|Any CPU
		{5EF7A6A8-A79B-4A12-86CE-81E5F150BC43}.Debug|Any CPU.Build.0 = Debug|Any CPU
		{5EF7A6A8-A79B-4A12-86CE-81E5F150BC43}.Release|Any CPU.ActiveCfg = Release|Any CPU
		{5EF7A6A8-A79B-4A12-86CE-81E5F150BC43}.Release|Any CPU.Build.0 = Release|Any CPU
		{F35491E4-836C-44D4-8EDF-D9FD7087C50A}.Debug|Any CPU.ActiveCfg = Debug|Any CPU
		{F35491E4-836C-44D4-8EDF-D9FD7087C50A}.Debug|Any CPU.Build.0 = Debug|Any CPU
		{F35491E4-836C-44D4-8EDF-D9FD7087C50A}.Release|Any CPU.ActiveCfg = Release|Any CPU
		{F35491E4-836C-44D4-8EDF-D9FD7087C50A}.Release|Any CPU.Build.0 = Release|Any CPU
		{63867E46-C1BC-4EF9-AAB3-011BE785781C}.Debug|Any CPU.ActiveCfg = Debug|Any CPU
		{63867E46-C1BC-4EF9-AAB3-011BE785781C}.Debug|Any CPU.Build.0 = Debug|Any CPU
		{63867E46-C1BC-4EF9-AAB3-011BE785781C}.Release|Any CPU.ActiveCfg = Release|Any CPU
		{63867E46-C1BC-4EF9-AAB3-011BE785781C}.Release|Any CPU.Build.0 = Release|Any CPU
		{AB88FAED-0B6D-412D-BD4C-9DAEF81114A7}.Debug|Any CPU.ActiveCfg = Debug|Any CPU
		{AB88FAED-0B6D-412D-BD4C-9DAEF81114A7}.Debug|Any CPU.Build.0 = Debug|Any CPU
		{AB88FAED-0B6D-412D-BD4C-9DAEF81114A7}.Release|Any CPU.ActiveCfg = Release|Any CPU
		{AB88FAED-0B6D-412D-BD4C-9DAEF81114A7}.Release|Any CPU.Build.0 = Release|Any CPU
		{B4F75A6F-AE18-430A-9779-4A453C8504C2}.Debug|Any CPU.ActiveCfg = Debug|Any CPU
		{B4F75A6F-AE18-430A-9779-4A453C8504C2}.Debug|Any CPU.Build.0 = Debug|Any CPU
		{B4F75A6F-AE18-430A-9779-4A453C8504C2}.Release|Any CPU.ActiveCfg = Release|Any CPU
		{B4F75A6F-AE18-430A-9779-4A453C8504C2}.Release|Any CPU.Build.0 = Release|Any CPU
		{6C073652-26B8-47D1-8750-ECA881E7784B}.Debug|Any CPU.ActiveCfg = Debug|Any CPU
		{6C073652-26B8-47D1-8750-ECA881E7784B}.Debug|Any CPU.Build.0 = Debug|Any CPU
		{6C073652-26B8-47D1-8750-ECA881E7784B}.Release|Any CPU.ActiveCfg = Release|Any CPU
		{6C073652-26B8-47D1-8750-ECA881E7784B}.Release|Any CPU.Build.0 = Release|Any CPU
		{CEB707DD-FC18-4235-B99F-3FFACD0F95D8}.Debug|Any CPU.ActiveCfg = Debug|Any CPU
		{CEB707DD-FC18-4235-B99F-3FFACD0F95D8}.Debug|Any CPU.Build.0 = Debug|Any CPU
		{CEB707DD-FC18-4235-B99F-3FFACD0F95D8}.Release|Any CPU.ActiveCfg = Release|Any CPU
		{CEB707DD-FC18-4235-B99F-3FFACD0F95D8}.Release|Any CPU.Build.0 = Release|Any CPU
	EndGlobalSection
	GlobalSection(SolutionProperties) = preSolution
		HideSolutionNode = FALSE
	EndGlobalSection
	GlobalSection(ExtensibilityGlobals) = postSolution
		SolutionGuid = {8656B152-E1F0-4E88-886F-1DFD84EB7ACC}
	EndGlobalSection
EndGlobal
