
Microsoft Visual Studio Solution File, Format Version 12.00
# Visual Studio Version 17
VisualStudioVersion = 17.7.34031.279
MinimumVisualStudioVersion = 10.0.40219.1
Project("{9A19103F-16F7-4668-BE54-9A1E7A4F7556}") = "01.BinaryDigitsCount", "01.BinaryDigitsCount\01.BinaryDigitsCount.csproj", "{06CD9D9A-45B4-4AF4-A1DD-C9E9C63FEBE2}"
EndProject
Project("{9A19103F-16F7-4668-BE54-9A1E7A4F7556}") = "02.BitAtPosition1", "02.BitAtPosition1\02.BitAtPosition1.csproj", "{F7597603-D074-431F-96A9-2153F9CBD5BF}"
EndProject
Project("{FAE04EC0-301F-11D3-BF4B-00C04F79EFBC}") = "P-thBit", "P-thBit\P-thBit.csproj", "{FAA88A4F-9B70-47B0-9967-22BAD47BDD48}"
EndProject
Project("{FAE04EC0-301F-11D3-BF4B-00C04F79EFBC}") = "04.BitDestroyer", "04.BitDestroyer\04.BitDestroyer.csproj", "{7BD1FA69-084D-401B-87DD-141215A6F6D5}"
EndProject
Project("{FAE04EC0-301F-11D3-BF4B-00C04F79EFBC}") = "05.OddTimes", "05.OddTimes\05.OddTimes.csproj", "{7C2DEB8F-6960-4817-8827-1AF9D68B1D0C}"
EndProject
Global
	GlobalSection(SolutionConfigurationPlatforms) = preSolution
		Debug|Any CPU = Debug|Any CPU
		Release|Any CPU = Release|Any CPU
	EndGlobalSection
	GlobalSection(ProjectConfigurationPlatforms) = postSolution
		{06CD9D9A-45B4-4AF4-A1DD-C9E9C63FEBE2}.Debug|Any CPU.ActiveCfg = Debug|Any CPU
		{06CD9D9A-45B4-4AF4-A1DD-C9E9C63FEBE2}.Debug|Any CPU.Build.0 = Debug|Any CPU
		{06CD9D9A-45B4-4AF4-A1DD-C9E9C63FEBE2}.Release|Any CPU.ActiveCfg = Release|Any CPU
		{06CD9D9A-45B4-4AF4-A1DD-C9E9C63FEBE2}.Release|Any CPU.Build.0 = Release|Any CPU
		{F7597603-D074-431F-96A9-2153F9CBD5BF}.Debug|Any CPU.ActiveCfg = Debug|Any CPU
		{F7597603-D074-431F-96A9-2153F9CBD5BF}.Debug|Any CPU.Build.0 = Debug|Any CPU
		{F7597603-D074-431F-96A9-2153F9CBD5BF}.Release|Any CPU.ActiveCfg = Release|Any CPU
		{F7597603-D074-431F-96A9-2153F9CBD5BF}.Release|Any CPU.Build.0 = Release|Any CPU
		{FAA88A4F-9B70-47B0-9967-22BAD47BDD48}.Debug|Any CPU.ActiveCfg = Debug|Any CPU
		{FAA88A4F-9B70-47B0-9967-22BAD47BDD48}.Debug|Any CPU.Build.0 = Debug|Any CPU
		{FAA88A4F-9B70-47B0-9967-22BAD47BDD48}.Release|Any CPU.ActiveCfg = Release|Any CPU
		{FAA88A4F-9B70-47B0-9967-22BAD47BDD48}.Release|Any CPU.Build.0 = Release|Any CPU
		{7BD1FA69-084D-401B-87DD-141215A6F6D5}.Debug|Any CPU.ActiveCfg = Debug|Any CPU
		{7BD1FA69-084D-401B-87DD-141215A6F6D5}.Debug|Any CPU.Build.0 = Debug|Any CPU
		{7BD1FA69-084D-401B-87DD-141215A6F6D5}.Release|Any CPU.ActiveCfg = Release|Any CPU
		{7BD1FA69-084D-401B-87DD-141215A6F6D5}.Release|Any CPU.Build.0 = Release|Any CPU
		{7C2DEB8F-6960-4817-8827-1AF9D68B1D0C}.Debug|Any CPU.ActiveCfg = Debug|Any CPU
		{7C2DEB8F-6960-4817-8827-1AF9D68B1D0C}.Debug|Any CPU.Build.0 = Debug|Any CPU
		{7C2DEB8F-6960-4817-8827-1AF9D68B1D0C}.Release|Any CPU.ActiveCfg = Release|Any CPU
		{7C2DEB8F-6960-4817-8827-1AF9D68B1D0C}.Release|Any CPU.Build.0 = Release|Any CPU
	EndGlobalSection
	GlobalSection(SolutionProperties) = preSolution
		HideSolutionNode = FALSE
	EndGlobalSection
	GlobalSection(ExtensibilityGlobals) = postSolution
		SolutionGuid = {AAA4B864-CEA4-43B2-809A-1635835B45B8}
	EndGlobalSection
EndGlobal
