
Microsoft Visual Studio Solution File, Format Version 12.00
# Visual Studio Version 17
VisualStudioVersion = 17.7.34202.233
MinimumVisualStudioVersion = 10.0.40219.1
Project("{FAE04EC0-301F-11D3-BF4B-00C04F79EFBC}") = "01.CountRealNumbers", "01.CountRealNumbers\01.CountRealNumbers.csproj", "{1E6CFADA-C814-4C43-A6D4-AE64E82EC8C5}"
EndProject
Project("{FAE04EC0-301F-11D3-BF4B-00C04F79EFBC}") = "Demo", "Demo\Demo.csproj", "{019C1111-4549-4ABD-BE34-57219652358D}"
EndProject
Project("{FAE04EC0-301F-11D3-BF4B-00C04F79EFBC}") = "02.OddOccurrences", "02.OddOccurrences\02.OddOccurrences.csproj", "{17520E38-73A6-4801-AD54-5ABD5C765E60}"
EndProject
Project("{FAE04EC0-301F-11D3-BF4B-00C04F79EFBC}") = "03.WordSynonyms", "03.WordSynonyms\03.WordSynonyms.csproj", "{F6BC2CC2-EE24-401B-81FA-09BE9E34A59A}"
EndProject
Project("{FAE04EC0-301F-11D3-BF4B-00C04F79EFBC}") = "03.1.WordSynonyms", "03.1.WordSynonyms\03.1.WordSynonyms.csproj", "{2618D382-E724-47C4-8945-0280297CE34B}"
EndProject
Global
	GlobalSection(SolutionConfigurationPlatforms) = preSolution
		Debug|Any CPU = Debug|Any CPU
		Release|Any CPU = Release|Any CPU
	EndGlobalSection
	GlobalSection(ProjectConfigurationPlatforms) = postSolution
		{1E6CFADA-C814-4C43-A6D4-AE64E82EC8C5}.Debug|Any CPU.ActiveCfg = Debug|Any CPU
		{1E6CFADA-C814-4C43-A6D4-AE64E82EC8C5}.Debug|Any CPU.Build.0 = Debug|Any CPU
		{1E6CFADA-C814-4C43-A6D4-AE64E82EC8C5}.Release|Any CPU.ActiveCfg = Release|Any CPU
		{1E6CFADA-C814-4C43-A6D4-AE64E82EC8C5}.Release|Any CPU.Build.0 = Release|Any CPU
		{019C1111-4549-4ABD-BE34-57219652358D}.Debug|Any CPU.ActiveCfg = Debug|Any CPU
		{019C1111-4549-4ABD-BE34-57219652358D}.Debug|Any CPU.Build.0 = Debug|Any CPU
		{019C1111-4549-4ABD-BE34-57219652358D}.Release|Any CPU.ActiveCfg = Release|Any CPU
		{019C1111-4549-4ABD-BE34-57219652358D}.Release|Any CPU.Build.0 = Release|Any CPU
		{17520E38-73A6-4801-AD54-5ABD5C765E60}.Debug|Any CPU.ActiveCfg = Debug|Any CPU
		{17520E38-73A6-4801-AD54-5ABD5C765E60}.Debug|Any CPU.Build.0 = Debug|Any CPU
		{17520E38-73A6-4801-AD54-5ABD5C765E60}.Release|Any CPU.ActiveCfg = Release|Any CPU
		{17520E38-73A6-4801-AD54-5ABD5C765E60}.Release|Any CPU.Build.0 = Release|Any CPU
		{F6BC2CC2-EE24-401B-81FA-09BE9E34A59A}.Debug|Any CPU.ActiveCfg = Debug|Any CPU
		{F6BC2CC2-EE24-401B-81FA-09BE9E34A59A}.Debug|Any CPU.Build.0 = Debug|Any CPU
		{F6BC2CC2-EE24-401B-81FA-09BE9E34A59A}.Release|Any CPU.ActiveCfg = Release|Any CPU
		{F6BC2CC2-EE24-401B-81FA-09BE9E34A59A}.Release|Any CPU.Build.0 = Release|Any CPU
		{2618D382-E724-47C4-8945-0280297CE34B}.Debug|Any CPU.ActiveCfg = Debug|Any CPU
		{2618D382-E724-47C4-8945-0280297CE34B}.Debug|Any CPU.Build.0 = Debug|Any CPU
		{2618D382-E724-47C4-8945-0280297CE34B}.Release|Any CPU.ActiveCfg = Release|Any CPU
		{2618D382-E724-47C4-8945-0280297CE34B}.Release|Any CPU.Build.0 = Release|Any CPU
	EndGlobalSection
	GlobalSection(SolutionProperties) = preSolution
		HideSolutionNode = FALSE
	EndGlobalSection
	GlobalSection(ExtensibilityGlobals) = postSolution
		SolutionGuid = {B957486D-6945-4B61-8D6B-221DC35CA04C}
	EndGlobalSection
EndGlobal
