
Microsoft Visual Studio Solution File, Format Version 12.00
# Visual Studio Version 17
VisualStudioVersion = 17.7.34031.279
MinimumVisualStudioVersion = 10.0.40219.1
Project("{9A19103F-16F7-4668-BE54-9A1E7A4F7556}") = "01.ConvertMetersToKilometers", "01.ConvertMetersToKilometers\01.ConvertMetersToKilometers.csproj", "{17B64C58-5945-4F08-9CBB-03FEE1A78816}"
EndProject
Project("{FAE04EC0-301F-11D3-BF4B-00C04F79EFBC}") = "02.PoundsToDollars", "02.PoundsToDollars\02.PoundsToDollars.csproj", "{F3EEA05F-77E1-4982-A7EF-815EF7775F32}"
EndProject
Project("{FAE04EC0-301F-11D3-BF4B-00C04F79EFBC}") = "03.ExactSumOfRealNumbers", "03.ExactSumOfRealNumbers\03.ExactSumOfRealNumbers.csproj", "{E0000BA5-76E3-40A0-B7E3-92BAAD5356C3}"
EndProject
Project("{FAE04EC0-301F-11D3-BF4B-00C04F79EFBC}") = "04.CenturiesToMinutes", "04.CenturiesToMinutes\04.CenturiesToMinutes.csproj", "{98D0B660-C007-4D16-A39D-B739DAA806F7}"
EndProject
Project("{FAE04EC0-301F-11D3-BF4B-00C04F79EFBC}") = "05.SpecialNumbers", "05.SpecialNumbers\05.SpecialNumbers.csproj", "{70A3EAEF-4054-4A7F-AA80-84E282FCDB57}"
EndProject
Project("{FAE04EC0-301F-11D3-BF4B-00C04F79EFBC}") = "06.ReversedChars", "06.ReversedChars\06.ReversedChars.csproj", "{5BC65434-C018-40E1-8C8B-CDB689F47D3D}"
EndProject
Project("{FAE04EC0-301F-11D3-BF4B-00C04F79EFBC}") = "07.ConcatNames", "07.ConcatNames\07.ConcatNames.csproj", "{4A578590-7C0E-4033-9B5C-A180529BE9DB}"
EndProject
Project("{FAE04EC0-301F-11D3-BF4B-00C04F79EFBC}") = "08.TownInfo", "08.TownInfo\08.TownInfo.csproj", "{6162966F-F674-464A-982D-64B8A5A8E660}"
EndProject
Global
	GlobalSection(SolutionConfigurationPlatforms) = preSolution
		Debug|Any CPU = Debug|Any CPU
		Release|Any CPU = Release|Any CPU
	EndGlobalSection
	GlobalSection(ProjectConfigurationPlatforms) = postSolution
		{17B64C58-5945-4F08-9CBB-03FEE1A78816}.Debug|Any CPU.ActiveCfg = Debug|Any CPU
		{17B64C58-5945-4F08-9CBB-03FEE1A78816}.Debug|Any CPU.Build.0 = Debug|Any CPU
		{17B64C58-5945-4F08-9CBB-03FEE1A78816}.Release|Any CPU.ActiveCfg = Release|Any CPU
		{17B64C58-5945-4F08-9CBB-03FEE1A78816}.Release|Any CPU.Build.0 = Release|Any CPU
		{F3EEA05F-77E1-4982-A7EF-815EF7775F32}.Debug|Any CPU.ActiveCfg = Debug|Any CPU
		{F3EEA05F-77E1-4982-A7EF-815EF7775F32}.Debug|Any CPU.Build.0 = Debug|Any CPU
		{F3EEA05F-77E1-4982-A7EF-815EF7775F32}.Release|Any CPU.ActiveCfg = Release|Any CPU
		{F3EEA05F-77E1-4982-A7EF-815EF7775F32}.Release|Any CPU.Build.0 = Release|Any CPU
		{E0000BA5-76E3-40A0-B7E3-92BAAD5356C3}.Debug|Any CPU.ActiveCfg = Debug|Any CPU
		{E0000BA5-76E3-40A0-B7E3-92BAAD5356C3}.Debug|Any CPU.Build.0 = Debug|Any CPU
		{E0000BA5-76E3-40A0-B7E3-92BAAD5356C3}.Release|Any CPU.ActiveCfg = Release|Any CPU
		{E0000BA5-76E3-40A0-B7E3-92BAAD5356C3}.Release|Any CPU.Build.0 = Release|Any CPU
		{98D0B660-C007-4D16-A39D-B739DAA806F7}.Debug|Any CPU.ActiveCfg = Debug|Any CPU
		{98D0B660-C007-4D16-A39D-B739DAA806F7}.Debug|Any CPU.Build.0 = Debug|Any CPU
		{98D0B660-C007-4D16-A39D-B739DAA806F7}.Release|Any CPU.ActiveCfg = Release|Any CPU
		{98D0B660-C007-4D16-A39D-B739DAA806F7}.Release|Any CPU.Build.0 = Release|Any CPU
		{70A3EAEF-4054-4A7F-AA80-84E282FCDB57}.Debug|Any CPU.ActiveCfg = Debug|Any CPU
		{70A3EAEF-4054-4A7F-AA80-84E282FCDB57}.Debug|Any CPU.Build.0 = Debug|Any CPU
		{70A3EAEF-4054-4A7F-AA80-84E282FCDB57}.Release|Any CPU.ActiveCfg = Release|Any CPU
		{70A3EAEF-4054-4A7F-AA80-84E282FCDB57}.Release|Any CPU.Build.0 = Release|Any CPU
		{5BC65434-C018-40E1-8C8B-CDB689F47D3D}.Debug|Any CPU.ActiveCfg = Debug|Any CPU
		{5BC65434-C018-40E1-8C8B-CDB689F47D3D}.Debug|Any CPU.Build.0 = Debug|Any CPU
		{5BC65434-C018-40E1-8C8B-CDB689F47D3D}.Release|Any CPU.ActiveCfg = Release|Any CPU
		{5BC65434-C018-40E1-8C8B-CDB689F47D3D}.Release|Any CPU.Build.0 = Release|Any CPU
		{4A578590-7C0E-4033-9B5C-A180529BE9DB}.Debug|Any CPU.ActiveCfg = Debug|Any CPU
		{4A578590-7C0E-4033-9B5C-A180529BE9DB}.Debug|Any CPU.Build.0 = Debug|Any CPU
		{4A578590-7C0E-4033-9B5C-A180529BE9DB}.Release|Any CPU.ActiveCfg = Release|Any CPU
		{4A578590-7C0E-4033-9B5C-A180529BE9DB}.Release|Any CPU.Build.0 = Release|Any CPU
		{6162966F-F674-464A-982D-64B8A5A8E660}.Debug|Any CPU.ActiveCfg = Debug|Any CPU
		{6162966F-F674-464A-982D-64B8A5A8E660}.Debug|Any CPU.Build.0 = Debug|Any CPU
		{6162966F-F674-464A-982D-64B8A5A8E660}.Release|Any CPU.ActiveCfg = Release|Any CPU
		{6162966F-F674-464A-982D-64B8A5A8E660}.Release|Any CPU.Build.0 = Release|Any CPU
	EndGlobalSection
	GlobalSection(SolutionProperties) = preSolution
		HideSolutionNode = FALSE
	EndGlobalSection
	GlobalSection(ExtensibilityGlobals) = postSolution
		SolutionGuid = {9897F48A-BE33-4A22-AC9E-4F9AF8738AD6}
	EndGlobalSection
EndGlobal
